// !$*UTF8*$!
{
	archiveVersion = 1;
	classes = {
	};
	objectVersion = 50;
	objects = {

/* Begin PBXBuildFile section */
		47D77D07269197F000AC264B /* AppDelegate.swift in Sources */ = {isa = PBXBuildFile; fileRef = 47D77D06269197F000AC264B /* AppDelegate.swift */; };
		47D77D09269197F000AC264B /* SceneDelegate.swift in Sources */ = {isa = PBXBuildFile; fileRef = 47D77D08269197F000AC264B /* SceneDelegate.swift */; };
		47D77D0B269197F000AC264B /* ViewController.swift in Sources */ = {isa = PBXBuildFile; fileRef = 47D77D0A269197F000AC264B /* ViewController.swift */; };
		47D77D0E269197F000AC264B /* Main.storyboard in Resources */ = {isa = PBXBuildFile; fileRef = 47D77D0C269197F000AC264B /* Main.storyboard */; };
		47D77D10269197F600AC264B /* Assets.xcassets in Resources */ = {isa = PBXBuildFile; fileRef = 47D77D0F269197F600AC264B /* Assets.xcassets */; };
		47D77D13269197F600AC264B /* LaunchScreen.storyboard in Resources */ = {isa = PBXBuildFile; fileRef = 47D77D11269197F600AC264B /* LaunchScreen.storyboard */; };
		47D77D1E269197F700AC264B /* CovChallengesTests.swift in Sources */ = {isa = PBXBuildFile; fileRef = 47D77D1D269197F700AC264B /* CovChallengesTests.swift */; };
		47D77D29269197F800AC264B /* CovChallengesUITests.swift in Sources */ = {isa = PBXBuildFile; fileRef = 47D77D28269197F800AC264B /* CovChallengesUITests.swift */; };
/* End PBXBuildFile section */

/* Begin PBXContainerItemProxy section */
		47D77D1A269197F700AC264B /* PBXContainerItemProxy */ = {
			isa = PBXContainerItemProxy;
			containerPortal = 47D77CFB269197F000AC264B /* Project object */;
			proxyType = 1;
			remoteGlobalIDString = 47D77D02269197F000AC264B;
			remoteInfo = CovChallenges;
		};
		47D77D25269197F800AC264B /* PBXContainerItemProxy */ = {
			isa = PBXContainerItemProxy;
			containerPortal = 47D77CFB269197F000AC264B /* Project object */;
			proxyType = 1;
			remoteGlobalIDString = 47D77D02269197F000AC264B;
			remoteInfo = CovChallenges;
		};
/* End PBXContainerItemProxy section */

/* Begin PBXFileReference section */
		47D77D03269197F000AC264B /* CovChallenges.app */ = {isa = PBXFileReference; explicitFileType = wrapper.application; includeInIndex = 0; path = CovChallenges.app; sourceTree = BUILT_PRODUCTS_DIR; };
		47D77D06269197F000AC264B /* AppDelegate.swift */ = {isa = PBXFileReference; lastKnownFileType = sourcecode.swift; path = AppDelegate.swift; sourceTree = "<group>"; };
		47D77D08269197F000AC264B /* SceneDelegate.swift */ = {isa = PBXFileReference; lastKnownFileType = sourcecode.swift; path = SceneDelegate.swift; sourceTree = "<group>"; };
		47D77D0A269197F000AC264B /* ViewController.swift */ = {isa = PBXFileReference; lastKnownFileType = sourcecode.swift; path = ViewController.swift; sourceTree = "<group>"; };
		47D77D0D269197F000AC264B /* Base */ = {isa = PBXFileReference; lastKnownFileType = file.storyboard; name = Base; path = Base.lproj/Main.storyboard; sourceTree = "<group>"; };
		47D77D0F269197F600AC264B /* Assets.xcassets */ = {isa = PBXFileReference; lastKnownFileType = folder.assetcatalog; path = Assets.xcassets; sourceTree = "<group>"; };
		47D77D12269197F600AC264B /* Base */ = {isa = PBXFileReference; lastKnownFileType = file.storyboard; name = Base; path = Base.lproj/LaunchScreen.storyboard; sourceTree = "<group>"; };
		47D77D14269197F600AC264B /* Info.plist */ = {isa = PBXFileReference; lastKnownFileType = text.plist.xml; path = Info.plist; sourceTree = "<group>"; };
		47D77D19269197F700AC264B /* CovChallengesTests.xctest */ = {isa = PBXFileReference; explicitFileType = wrapper.cfbundle; includeInIndex = 0; path = CovChallengesTests.xctest; sourceTree = BUILT_PRODUCTS_DIR; };
		47D77D1D269197F700AC264B /* CovChallengesTests.swift */ = {isa = PBXFileReference; lastKnownFileType = sourcecode.swift; path = CovChallengesTests.swift; sourceTree = "<group>"; };
		47D77D1F269197F700AC264B /* Info.plist */ = {isa = PBXFileReference; lastKnownFileType = text.plist.xml; path = Info.plist; sourceTree = "<group>"; };
		47D77D24269197F800AC264B /* CovChallengesUITests.xctest */ = {isa = PBXFileReference; explicitFileType = wrapper.cfbundle; includeInIndex = 0; path = CovChallengesUITests.xctest; sourceTree = BUILT_PRODUCTS_DIR; };
		47D77D28269197F800AC264B /* CovChallengesUITests.swift */ = {isa = PBXFileReference; lastKnownFileType = sourcecode.swift; path = CovChallengesUITests.swift; sourceTree = "<group>"; };
		47D77D2A269197F800AC264B /* Info.plist */ = {isa = PBXFileReference; lastKnownFileType = text.plist.xml; path = Info.plist; sourceTree = "<group>"; };
/* End PBXFileReference section */

/* Begin PBXFrameworksBuildPhase section */
		47D77D00269197F000AC264B /* Frameworks */ = {
			isa = PBXFrameworksBuildPhase;
			buildActionMask = 2147483647;
			files = (
			);
			runOnlyForDeploymentPostprocessing = 0;
		};
		47D77D16269197F700AC264B /* Frameworks */ = {
			isa = PBXFrameworksBuildPhase;
			buildActionMask = 2147483647;
			files = (
			);
			runOnlyForDeploymentPostprocessing = 0;
		};
		47D77D21269197F800AC264B /* Frameworks */ = {
			isa = PBXFrameworksBuildPhase;
			buildActionMask = 2147483647;
			files = (
			);
			runOnlyForDeploymentPostprocessing = 0;
		};
/* End PBXFrameworksBuildPhase section */

/* Begin PBXGroup section */
		47D77CFA269197F000AC264B = {
			isa = PBXGroup;
			children = (
				47D77D05269197F000AC264B /* CovChallenges */,
				47D77D1C269197F700AC264B /* CovChallengesTests */,
				47D77D27269197F800AC264B /* CovChallengesUITests */,
				47D77D04269197F000AC264B /* Products */,
			);
			sourceTree = "<group>";
		};
		47D77D04269197F000AC264B /* Products */ = {
			isa = PBXGroup;
			children = (
				47D77D03269197F000AC264B /* CovChallenges.app */,
				47D77D19269197F700AC264B /* CovChallengesTests.xctest */,
				47D77D24269197F800AC264B /* CovChallengesUITests.xctest */,
			);
			name = Products;
			sourceTree = "<group>";
		};
		47D77D05269197F000AC264B /* CovChallenges */ = {
			isa = PBXGroup;
			children = (
				47D77D06269197F000AC264B /* AppDelegate.swift */,
				47D77D08269197F000AC264B /* SceneDelegate.swift */,
				47D77D0A269197F000AC264B /* ViewController.swift */,
				47D77D0C269197F000AC264B /* Main.storyboard */,
				47D77D0F269197F600AC264B /* Assets.xcassets */,
				47D77D11269197F600AC264B /* LaunchScreen.storyboard */,
				47D77D14269197F600AC264B /* Info.plist */,
			);
			path = CovChallenges;
			sourceTree = "<group>";
		};
		47D77D1C269197F700AC264B /* CovChallengesTests */ = {
			isa = PBXGroup;
			children = (
				47D77D1D269197F700AC264B /* CovChallengesTests.swift */,
				47D77D1F269197F700AC264B /* Info.plist */,
			);
			path = CovChallengesTests;
			sourceTree = "<group>";
		};
		47D77D27269197F800AC264B /* CovChallengesUITests */ = {
			isa = PBXGroup;
			children = (
				47D77D28269197F800AC264B /* CovChallengesUITests.swift */,
				47D77D2A269197F800AC264B /* Info.plist */,
			);
			path = CovChallengesUITests;
			sourceTree = "<group>";
		};
/* End PBXGroup section */

/* Begin PBXNativeTarget section */
		47D77D02269197F000AC264B /* CovChallenges */ = {
			isa = PBXNativeTarget;
			buildConfigurationList = 47D77D2D269197F800AC264B /* Build configuration list for PBXNativeTarget "CovChallenges" */;
			buildPhases = (
				47D77CFF269197F000AC264B /* Sources */,
				47D77D00269197F000AC264B /* Frameworks */,
				47D77D01269197F000AC264B /* Resources */,
			);
			buildRules = (
			);
			dependencies = (
			);
			name = CovChallenges;
			productName = CovChallenges;
			productReference = 47D77D03269197F000AC264B /* CovChallenges.app */;
			productType = "com.apple.product-type.application";
		};
		47D77D18269197F700AC264B /* CovChallengesTests */ = {
			isa = PBXNativeTarget;
			buildConfigurationList = 47D77D30269197F800AC264B /* Build configuration list for PBXNativeTarget "CovChallengesTests" */;
			buildPhases = (
				47D77D15269197F700AC264B /* Sources */,
				47D77D16269197F700AC264B /* Frameworks */,
				47D77D17269197F700AC264B /* Resources */,
			);
			buildRules = (
			);
			dependencies = (
				47D77D1B269197F700AC264B /* PBXTargetDependency */,
			);
			name = CovChallengesTests;
			productName = CovChallengesTests;
			productReference = 47D77D19269197F700AC264B /* CovChallengesTests.xctest */;
			productType = "com.apple.product-type.bundle.unit-test";
		};
		47D77D23269197F800AC264B /* CovChallengesUITests */ = {
			isa = PBXNativeTarget;
			buildConfigurationList = 47D77D33269197F800AC264B /* Build configuration list for PBXNativeTarget "CovChallengesUITests" */;
			buildPhases = (
				47D77D20269197F800AC264B /* Sources */,
				47D77D21269197F800AC264B /* Frameworks */,
				47D77D22269197F800AC264B /* Resources */,
			);
			buildRules = (
			);
			dependencies = (
				47D77D26269197F800AC264B /* PBXTargetDependency */,
			);
			name = CovChallengesUITests;
			productName = CovChallengesUITests;
			productReference = 47D77D24269197F800AC264B /* CovChallengesUITests.xctest */;
			productType = "com.apple.product-type.bundle.ui-testing";
		};
/* End PBXNativeTarget section */

/* Begin PBXProject section */
		47D77CFB269197F000AC264B /* Project object */ = {
			isa = PBXProject;
			attributes = {
				LastSwiftUpdateCheck = 1250;
				LastUpgradeCheck = 1250;
				TargetAttributes = {
					47D77D02269197F000AC264B = {
						CreatedOnToolsVersion = 12.5.1;
					};
					47D77D18269197F700AC264B = {
						CreatedOnToolsVersion = 12.5.1;
						TestTargetID = 47D77D02269197F000AC264B;
					};
					47D77D23269197F800AC264B = {
						CreatedOnToolsVersion = 12.5.1;
						TestTargetID = 47D77D02269197F000AC264B;
					};
				};
			};
			buildConfigurationList = 47D77CFE269197F000AC264B /* Build configuration list for PBXProject "CovChallenges" */;
			compatibilityVersion = "Xcode 9.3";
			developmentRegion = en;
			hasScannedForEncodings = 0;
			knownRegions = (
				en,
				Base,
			);
			mainGroup = 47D77CFA269197F000AC264B;
			productRefGroup = 47D77D04269197F000AC264B /* Products */;
			projectDirPath = "";
			projectRoot = "";
			targets = (
				47D77D02269197F000AC264B /* CovChallenges */,
				47D77D18269197F700AC264B /* CovChallengesTests */,
				47D77D23269197F800AC264B /* CovChallengesUITests */,
			);
		};
/* End PBXProject section */

/* Begin PBXResourcesBuildPhase section */
		47D77D01269197F000AC264B /* Resources */ = {
			isa = PBXResourcesBuildPhase;
			buildActionMask = 2147483647;
			files = (
				47D77D13269197F600AC264B /* LaunchScreen.storyboard in Resources */,
				47D77D10269197F600AC264B /* Assets.xcassets in Resources */,
				47D77D0E269197F000AC264B /* Main.storyboard in Resources */,
			);
			runOnlyForDeploymentPostprocessing = 0;
		};
		47D77D17269197F700AC264B /* Resources */ = {
			isa = PBXResourcesBuildPhase;
			buildActionMask = 2147483647;
			files = (
			);
			runOnlyForDeploymentPostprocessing = 0;
		};
		47D77D22269197F800AC264B /* Resources */ = {
			isa = PBXResourcesBuildPhase;
			buildActionMask = 2147483647;
			files = (
			);
			runOnlyForDeploymentPostprocessing = 0;
		};
/* End PBXResourcesBuildPhase section */

/* Begin PBXSourcesBuildPhase section */
		47D77CFF269197F000AC264B /* Sources */ = {
			isa = PBXSourcesBuildPhase;
			buildActionMask = 2147483647;
			files = (
				47D77D0B269197F000AC264B /* ViewController.swift in Sources */,
				47D77D07269197F000AC264B /* AppDelegate.swift in Sources */,
				47D77D09269197F000AC264B /* SceneDelegate.swift in Sources */,
			);
			runOnlyForDeploymentPostprocessing = 0;
		};
		47D77D15269197F700AC264B /* Sources */ = {
			isa = PBXSourcesBuildPhase;
			buildActionMask = 2147483647;
			files = (
				47D77D1E269197F700AC264B /* CovChallengesTests.swift in Sources */,
			);
			runOnlyForDeploymentPostprocessing = 0;
		};
		47D77D20269197F800AC264B /* Sources */ = {
			isa = PBXSourcesBuildPhase;
			buildActionMask = 2147483647;
			files = (
				47D77D29269197F800AC264B /* CovChallengesUITests.swift in Sources */,
			);
			runOnlyForDeploymentPostprocessing = 0;
		};
/* End PBXSourcesBuildPhase section */

/* Begin PBXTargetDependency section */
		47D77D1B269197F700AC264B /* PBXTargetDependency */ = {
			isa = PBXTargetDependency;
			target = 47D77D02269197F000AC264B /* CovChallenges */;
			targetProxy = 47D77D1A269197F700AC264B /* PBXContainerItemProxy */;
		};
		47D77D26269197F800AC264B /* PBXTargetDependency */ = {
			isa = PBXTargetDependency;
			target = 47D77D02269197F000AC264B /* CovChallenges */;
			targetProxy = 47D77D25269197F800AC264B /* PBXContainerItemProxy */;
		};
/* End PBXTargetDependency section */

/* Begin PBXVariantGroup section */
		47D77D0C269197F000AC264B /* Main.storyboard */ = {
			isa = PBXVariantGroup;
			children = (
				47D77D0D269197F000AC264B /* Base */,
			);
			name = Main.storyboard;
			sourceTree = "<group>";
		};
		47D77D11269197F600AC264B /* LaunchScreen.storyboard */ = {
			isa = PBXVariantGroup;
			children = (
				47D77D12269197F600AC264B /* Base */,
			);
			name = LaunchScreen.storyboard;
			sourceTree = "<group>";
		};
/* End PBXVariantGroup section */

/* Begin XCBuildConfiguration section */
		47D77D2B269197F800AC264B /* Debug */ = {
			isa = XCBuildConfiguration;
			buildSettings = {
				ALWAYS_SEARCH_USER_PATHS = NO;
				CLANG_ANALYZER_NONNULL = YES;
				CLANG_ANALYZER_NUMBER_OBJECT_CONVERSION = YES_AGGRESSIVE;
				CLANG_CXX_LANGUAGE_STANDARD = "gnu++14";
				CLANG_CXX_LIBRARY = "libc++";
				CLANG_ENABLE_MODULES = YES;
				CLANG_ENABLE_OBJC_ARC = YES;
				CLANG_ENABLE_OBJC_WEAK = YES;
				CLANG_WARN_BLOCK_CAPTURE_AUTORELEASING = YES;
				CLANG_WARN_BOOL_CONVERSION = YES;
				CLANG_WARN_COMMA = YES;
				CLANG_WARN_CONSTANT_CONVERSION = YES;
				CLANG_WARN_DEPRECATED_OBJC_IMPLEMENTATIONS = YES;
				CLANG_WARN_DIRECT_OBJC_ISA_USAGE = YES_ERROR;
				CLANG_WARN_DOCUMENTATION_COMMENTS = YES;
				CLANG_WARN_EMPTY_BODY = YES;
				CLANG_WARN_ENUM_CONVERSION = YES;
				CLANG_WARN_INFINITE_RECURSION = YES;
				CLANG_WARN_INT_CONVERSION = YES;
				CLANG_WARN_NON_LITERAL_NULL_CONVERSION = YES;
				CLANG_WARN_OBJC_IMPLICIT_RETAIN_SELF = YES;
				CLANG_WARN_OBJC_LITERAL_CONVERSION = YES;
				CLANG_WARN_OBJC_ROOT_CLASS = YES_ERROR;
				CLANG_WARN_QUOTED_INCLUDE_IN_FRAMEWORK_HEADER = YES;
				CLANG_WARN_RANGE_LOOP_ANALYSIS = YES;
				CLANG_WARN_STRICT_PROTOTYPES = YES;
				CLANG_WARN_SUSPICIOUS_MOVE = YES;
				CLANG_WARN_UNGUARDED_AVAILABILITY = YES_AGGRESSIVE;
				CLANG_WARN_UNREACHABLE_CODE = YES;
				CLANG_WARN__DUPLICATE_METHOD_MATCH = YES;
				COPY_PHASE_STRIP = NO;
				DEBUG_INFORMATION_FORMAT = dwarf;
				ENABLE_STRICT_OBJC_MSGSEND = YES;
				ENABLE_TESTABILITY = YES;
				GCC_C_LANGUAGE_STANDARD = gnu11;
				GCC_DYNAMIC_NO_PIC = NO;
				GCC_NO_COMMON_BLOCKS = YES;
				GCC_OPTIMIZATION_LEVEL = 0;
				GCC_PREPROCESSOR_DEFINITIONS = (
					"DEBUG=1",
					"$(inherited)",
				);
				GCC_WARN_64_TO_32_BIT_CONVERSION = YES;
				GCC_WARN_ABOUT_RETURN_TYPE = YES_ERROR;
				GCC_WARN_UNDECLARED_SELECTOR = YES;
				GCC_WARN_UNINITIALIZED_AUTOS = YES_AGGRESSIVE;
				GCC_WARN_UNUSED_FUNCTION = YES;
				GCC_WARN_UNUSED_VARIABLE = YES;
				IPHONEOS_DEPLOYMENT_TARGET = 14.5;
				MTL_ENABLE_DEBUG_INFO = INCLUDE_SOURCE;
				MTL_FAST_MATH = YES;
				ONLY_ACTIVE_ARCH = YES;
				SDKROOT = iphoneos;
				SWIFT_ACTIVE_COMPILATION_CONDITIONS = DEBUG;
				SWIFT_OPTIMIZATION_LEVEL = "-Onone";
			};
			name = Debug;
		};
		47D77D2C269197F800AC264B /* Release */ = {
			isa = XCBuildConfiguration;
			buildSettings = {
				ALWAYS_SEARCH_USER_PATHS = NO;
				CLANG_ANALYZER_NONNULL = YES;
				CLANG_ANALYZER_NUMBER_OBJECT_CONVERSION = YES_AGGRESSIVE;
				CLANG_CXX_LANGUAGE_STANDARD = "gnu++14";
				CLANG_CXX_LIBRARY = "libc++";
				CLANG_ENABLE_MODULES = YES;
				CLANG_ENABLE_OBJC_ARC = YES;
				CLANG_ENABLE_OBJC_WEAK = YES;
				CLANG_WARN_BLOCK_CAPTURE_AUTORELEASING = YES;
				CLANG_WARN_BOOL_CONVERSION = YES;
				CLANG_WARN_COMMA = YES;
				CLANG_WARN_CONSTANT_CONVERSION = YES;
				CLANG_WARN_DEPRECATED_OBJC_IMPLEMENTATIONS = YES;
				CLANG_WARN_DIRECT_OBJC_ISA_USAGE = YES_ERROR;
				CLANG_WARN_DOCUMENTATION_COMMENTS = YES;
				CLANG_WARN_EMPTY_BODY = YES;
				CLANG_WARN_ENUM_CONVERSION = YES;
				CLANG_WARN_INFINITE_RECURSION = YES;
				CLANG_WARN_INT_CONVERSION = YES;
				CLANG_WARN_NON_LITERAL_NULL_CONVERSION = YES;
				CLANG_WARN_OBJC_IMPLICIT_RETAIN_SELF = YES;
				CLANG_WARN_OBJC_LITERAL_CONVERSION = YES;
				CLANG_WARN_OBJC_ROOT_CLASS = YES_ERROR;
				CLANG_WARN_QUOTED_INCLUDE_IN_FRAMEWORK_HEADER = YES;
				CLANG_WARN_RANGE_LOOP_ANALYSIS = YES;
				CLANG_WARN_STRICT_PROTOTYPES = YES;
				CLANG_WARN_SUSPICIOUS_MOVE = YES;
				CLANG_WARN_UNGUARDED_AVAILABILITY = YES_AGGRESSIVE;
				CLANG_WARN_UNREACHABLE_CODE = YES;
				CLANG_WARN__DUPLICATE_METHOD_MATCH = YES;
				COPY_PHASE_STRIP = NO;
				DEBUG_INFORMATION_FORMAT = "dwarf-with-dsym";
				ENABLE_NS_ASSERTIONS = NO;
				ENABLE_STRICT_OBJC_MSGSEND = YES;
				GCC_C_LANGUAGE_STANDARD = gnu11;
				GCC_NO_COMMON_BLOCKS = YES;
				GCC_WARN_64_TO_32_BIT_CONVERSION = YES;
				GCC_WARN_ABOUT_RETURN_TYPE = YES_ERROR;
				GCC_WARN_UNDECLARED_SELECTOR = YES;
				GCC_WARN_UNINITIALIZED_AUTOS = YES_AGGRESSIVE;
				GCC_WARN_UNUSED_FUNCTION = YES;
				GCC_WARN_UNUSED_VARIABLE = YES;
				IPHONEOS_DEPLOYMENT_TARGET = 14.5;
				MTL_ENABLE_DEBUG_INFO = NO;
				MTL_FAST_MATH = YES;
				SDKROOT = iphoneos;
				SWIFT_COMPILATION_MODE = wholemodule;
				SWIFT_OPTIMIZATION_LEVEL = "-O";
				VALIDATE_PRODUCT = YES;
			};
			name = Release;
		};
		47D77D2E269197F800AC264B /* Debug */ = {
			isa = XCBuildConfiguration;
			buildSettings = {
				ASSETCATALOG_COMPILER_APPICON_NAME = AppIcon;
				ASSETCATALOG_COMPILER_GLOBAL_ACCENT_COLOR_NAME = AccentColor;
				CODE_SIGN_STYLE = Automatic;
				INFOPLIST_FILE = CovChallenges/Info.plist;
				LD_RUNPATH_SEARCH_PATHS = (
					"$(inherited)",
					"@executable_path/Frameworks",
				);
				PRODUCT_BUNDLE_IDENTIFIER = com.CovChallenges.CovChallenges;
				PRODUCT_NAME = "$(TARGET_NAME)";
				SWIFT_VERSION = 5.0;
				TARGETED_DEVICE_FAMILY = "1,2";
			};
			name = Debug;
		};
		47D77D2F269197F800AC264B /* Release */ = {
			isa = XCBuildConfiguration;
			buildSettings = {
				ASSETCATALOG_COMPILER_APPICON_NAME = AppIcon;
				ASSETCATALOG_COMPILER_GLOBAL_ACCENT_COLOR_NAME = AccentColor;
				CODE_SIGN_STYLE = Automatic;
				INFOPLIST_FILE = CovChallenges/Info.plist;
				LD_RUNPATH_SEARCH_PATHS = (
					"$(inherited)",
					"@executable_path/Frameworks",
				);
				PRODUCT_BUNDLE_IDENTIFIER = com.CovChallenges.CovChallenges;
				PRODUCT_NAME = "$(TARGET_NAME)";
				SWIFT_VERSION = 5.0;
				TARGETED_DEVICE_FAMILY = "1,2";
			};
			name = Release;
		};
		47D77D31269197F800AC264B /* Debug */ = {
			isa = XCBuildConfiguration;
			buildSettings = {
				ALWAYS_EMBED_SWIFT_STANDARD_LIBRARIES = YES;
				BUNDLE_LOADER = "$(TEST_HOST)";
				CODE_SIGN_STYLE = Automatic;
				INFOPLIST_FILE = CovChallengesTests/Info.plist;
				IPHONEOS_DEPLOYMENT_TARGET = 14.5;
				LD_RUNPATH_SEARCH_PATHS = (
					"$(inherited)",
					"@executable_path/Frameworks",
					"@loader_path/Frameworks",
				);
				PRODUCT_BUNDLE_IDENTIFIER = com.CovChallenges.CovChallengesTests;
				PRODUCT_NAME = "$(TARGET_NAME)";
				SWIFT_VERSION = 5.0;
				TARGETED_DEVICE_FAMILY = "1,2";
				TEST_HOST = "$(BUILT_PRODUCTS_DIR)/CovChallenges.app/CovChallenges";
			};
			name = Debug;
		};
		47D77D32269197F800AC264B /* Release */ = {
			isa = XCBuildConfiguration;
			buildSettings = {
				ALWAYS_EMBED_SWIFT_STANDARD_LIBRARIES = YES;
				BUNDLE_LOADER = "$(TEST_HOST)";
				CODE_SIGN_STYLE = Automatic;
				INFOPLIST_FILE = CovChallengesTests/Info.plist;
				IPHONEOS_DEPLOYMENT_TARGET = 14.5;
				LD_RUNPATH_SEARCH_PATHS = (
					"$(inherited)",
					"@executable_path/Frameworks",
					"@loader_path/Frameworks",
				);
				PRODUCT_BUNDLE_IDENTIFIER = com.CovChallenges.CovChallengesTests;
				PRODUCT_NAME = "$(TARGET_NAME)";
				SWIFT_VERSION = 5.0;
				TARGETED_DEVICE_FAMILY = "1,2";
				TEST_HOST = "$(BUILT_PRODUCTS_DIR)/CovChallenges.app/CovChallenges";
			};
			name = Release;
		};
		47D77D34269197F800AC264B /* Debug */ = {
			isa = XCBuildConfiguration;
			buildSettings = {
				ALWAYS_EMBED_SWIFT_STANDARD_LIBRARIES = YES;
				CODE_SIGN_STYLE = Automatic;
				INFOPLIST_FILE = CovChallengesUITests/Info.plist;
				LD_RUNPATH_SEARCH_PATHS = (
					"$(inherited)",
					"@executable_path/Frameworks",
					"@loader_path/Frameworks",
				);
				PRODUCT_BUNDLE_IDENTIFIER = com.CovChallenges.CovChallengesUITests;
				PRODUCT_NAME = "$(TARGET_NAME)";
				SWIFT_VERSION = 5.0;
				TARGETED_DEVICE_FAMILY = "1,2";
				TEST_TARGET_NAME = CovChallenges;
			};
			name = Debug;
		};
		47D77D35269197F800AC264B /* Release */ = {
			isa = XCBuildConfiguration;
			buildSettings = {
				ALWAYS_EMBED_SWIFT_STANDARD_LIBRARIES = YES;
				CODE_SIGN_STYLE = Automatic;
				INFOPLIST_FILE = CovChallengesUITests/Info.plist;
				LD_RUNPATH_SEARCH_PATHS = (
					"$(inherited)",
					"@executable_path/Frameworks",
					"@loader_path/Frameworks",
				);
				PRODUCT_BUNDLE_IDENTIFIER = com.CovChallenges.CovChallengesUITests;
				PRODUCT_NAME = "$(TARGET_NAME)";
				SWIFT_VERSION = 5.0;
				TARGETED_DEVICE_FAMILY = "1,2";
				TEST_TARGET_NAME = CovChallenges;
			};
			name = Release;
		};
/* End XCBuildConfiguration section */

/* Begin XCConfigurationList section */
		47D77CFE269197F000AC264B /* Build configuration list for PBXProject "CovChallenges" */ = {
			isa = XCConfigurationList;
			buildConfigurations = (
				47D77D2B269197F800AC264B /* Debug */,
				47D77D2C269197F800AC264B /* Release */,
			);
			defaultConfigurationIsVisible = 0;
			defaultConfigurationName = Release;
		};
		47D77D2D269197F800AC264B /* Build configuration list for PBXNativeTarget "CovChallenges" */ = {
			isa = XCConfigurationList;
			buildConfigurations = (
				47D77D2E269197F800AC264B /* Debug */,
				47D77D2F269197F800AC264B /* Release */,
			);
			defaultConfigurationIsVisible = 0;
			defaultConfigurationName = Release;
		};
		47D77D30269197F800AC264B /* Build configuration list for PBXNativeTarget "CovChallengesTests" */ = {
			isa = XCConfigurationList;
			buildConfigurations = (
				47D77D31269197F800AC264B /* Debug */,
				47D77D32269197F800AC264B /* Release */,
			);
			defaultConfigurationIsVisible = 0;
			defaultConfigurationName = Release;
		};
		47D77D33269197F800AC264B /* Build configuration list for PBXNativeTarget "CovChallengesUITests" */ = {
			isa = XCConfigurationList;
			buildConfigurations = (
				47D77D34269197F800AC264B /* Debug */,
				47D77D35269197F800AC264B /* Release */,
			);
			defaultConfigurationIsVisible = 0;
			defaultConfigurationName = Release;
		};
/* End XCConfigurationList section */
	};
	rootObject = 47D77CFB269197F000AC264B /* Project object */;
}
