// !$*UTF8*$!
{
	archiveVersion = 1;
	classes = {
	};
	objectVersion = 50;
	objects = {

/* Begin PBXBuildFile section */
		A52B7AE726BFAF6B00B8D286 /* AppDelegate.swift in Sources */ = {isa = PBXBuildFile; fileRef = A52B7AE626BFAF6B00B8D286 /* AppDelegate.swift */; };
		A52B7AE926BFAF6B00B8D286 /* SceneDelegate.swift in Sources */ = {isa = PBXBuildFile; fileRef = A52B7AE826BFAF6B00B8D286 /* SceneDelegate.swift */; };
		A52B7AEB26BFAF6B00B8D286 /* ViewController.swift in Sources */ = {isa = PBXBuildFile; fileRef = A52B7AEA26BFAF6B00B8D286 /* ViewController.swift */; };
		A52B7AEE26BFAF6B00B8D286 /* Main.storyboard in Resources */ = {isa = PBXBuildFile; fileRef = A52B7AEC26BFAF6B00B8D286 /* Main.storyboard */; };
		A52B7AF026BFAF6C00B8D286 /* Assets.xcassets in Resources */ = {isa = PBXBuildFile; fileRef = A52B7AEF26BFAF6C00B8D286 /* Assets.xcassets */; };
		A52B7AF326BFAF6C00B8D286 /* LaunchScreen.storyboard in Resources */ = {isa = PBXBuildFile; fileRef = A52B7AF126BFAF6C00B8D286 /* LaunchScreen.storyboard */; };
		A5B761E826C0035C005F1653 /* MyPageTableView.swift in Sources */ = {isa = PBXBuildFile; fileRef = A5B761E726C0035C005F1653 /* MyPageTableView.swift */; };
		A5B761EA26C01076005F1653 /* MyPageCustomCell.swift in Sources */ = {isa = PBXBuildFile; fileRef = A5B761E926C01076005F1653 /* MyPageCustomCell.swift */; };
/* End PBXBuildFile section */

/* Begin PBXFileReference section */
		A52B7AE326BFAF6B00B8D286 /* MyPageView.app */ = {isa = PBXFileReference; explicitFileType = wrapper.application; includeInIndex = 0; path = MyPageView.app; sourceTree = BUILT_PRODUCTS_DIR; };
		A52B7AE626BFAF6B00B8D286 /* AppDelegate.swift */ = {isa = PBXFileReference; lastKnownFileType = sourcecode.swift; path = AppDelegate.swift; sourceTree = "<group>"; };
		A52B7AE826BFAF6B00B8D286 /* SceneDelegate.swift */ = {isa = PBXFileReference; lastKnownFileType = sourcecode.swift; path = SceneDelegate.swift; sourceTree = "<group>"; };
		A52B7AEA26BFAF6B00B8D286 /* ViewController.swift */ = {isa = PBXFileReference; lastKnownFileType = sourcecode.swift; path = ViewController.swift; sourceTree = "<group>"; };
		A52B7AED26BFAF6B00B8D286 /* Base */ = {isa = PBXFileReference; lastKnownFileType = file.storyboard; name = Base; path = Base.lproj/Main.storyboard; sourceTree = "<group>"; };
		A52B7AEF26BFAF6C00B8D286 /* Assets.xcassets */ = {isa = PBXFileReference; lastKnownFileType = folder.assetcatalog; path = Assets.xcassets; sourceTree = "<group>"; };
		A52B7AF226BFAF6C00B8D286 /* Base */ = {isa = PBXFileReference; lastKnownFileType = file.storyboard; name = Base; path = Base.lproj/LaunchScreen.storyboard; sourceTree = "<group>"; };
		A52B7AF426BFAF6C00B8D286 /* Info.plist */ = {isa = PBXFileReference; lastKnownFileType = text.plist.xml; path = Info.plist; sourceTree = "<group>"; };
		A5B761E726C0035C005F1653 /* MyPageTableView.swift */ = {isa = PBXFileReference; lastKnownFileType = sourcecode.swift; path = MyPageTableView.swift; sourceTree = "<group>"; };
		A5B761E926C01076005F1653 /* MyPageCustomCell.swift */ = {isa = PBXFileReference; lastKnownFileType = sourcecode.swift; path = MyPageCustomCell.swift; sourceTree = "<group>"; };
/* End PBXFileReference section */

/* Begin PBXFrameworksBuildPhase section */
		A52B7AE026BFAF6B00B8D286 /* Frameworks */ = {
			isa = PBXFrameworksBuildPhase;
			buildActionMask = 2147483647;
			files = (
			);
			runOnlyForDeploymentPostprocessing = 0;
		};
/* End PBXFrameworksBuildPhase section */

/* Begin PBXGroup section */
		A52B7ADA26BFAF6B00B8D286 = {
			isa = PBXGroup;
			children = (
				A52B7AE526BFAF6B00B8D286 /* MyPageView */,
				A52B7AE426BFAF6B00B8D286 /* Products */,
			);
			sourceTree = "<group>";
		};
		A52B7AE426BFAF6B00B8D286 /* Products */ = {
			isa = PBXGroup;
			children = (
				A52B7AE326BFAF6B00B8D286 /* MyPageView.app */,
			);
			name = Products;
			sourceTree = "<group>";
		};
		A52B7AE526BFAF6B00B8D286 /* MyPageView */ = {
			isa = PBXGroup;
			children = (
				A52B7AE626BFAF6B00B8D286 /* AppDelegate.swift */,
				A52B7AE826BFAF6B00B8D286 /* SceneDelegate.swift */,
				A52B7AEA26BFAF6B00B8D286 /* ViewController.swift */,
				A52B7AEC26BFAF6B00B8D286 /* Main.storyboard */,
				A5B761E926C01076005F1653 /* MyPageCustomCell.swift */,
				A5B761E726C0035C005F1653 /* MyPageTableView.swift */,
				A52B7AEF26BFAF6C00B8D286 /* Assets.xcassets */,
				A52B7AF126BFAF6C00B8D286 /* LaunchScreen.storyboard */,
				A52B7AF426BFAF6C00B8D286 /* Info.plist */,
			);
			path = MyPageView;
			sourceTree = "<group>";
		};
/* End PBXGroup section */

/* Begin PBXNativeTarget section */
		A52B7AE226BFAF6B00B8D286 /* MyPageView */ = {
			isa = PBXNativeTarget;
			buildConfigurationList = A52B7AF726BFAF6C00B8D286 /* Build configuration list for PBXNativeTarget "MyPageView" */;
			buildPhases = (
				A52B7ADF26BFAF6B00B8D286 /* Sources */,
				A52B7AE026BFAF6B00B8D286 /* Frameworks */,
				A52B7AE126BFAF6B00B8D286 /* Resources */,
			);
			buildRules = (
			);
			dependencies = (
			);
			name = MyPageView;
			productName = MyPageView;
			productReference = A52B7AE326BFAF6B00B8D286 /* MyPageView.app */;
			productType = "com.apple.product-type.application";
		};
/* End PBXNativeTarget section */

/* Begin PBXProject section */
		A52B7ADB26BFAF6B00B8D286 /* Project object */ = {
			isa = PBXProject;
			attributes = {
				LastSwiftUpdateCheck = 1250;
				LastUpgradeCheck = 1250;
				TargetAttributes = {
					A52B7AE226BFAF6B00B8D286 = {
						CreatedOnToolsVersion = 12.5.1;
					};
				};
			};
			buildConfigurationList = A52B7ADE26BFAF6B00B8D286 /* Build configuration list for PBXProject "MyPageView" */;
			compatibilityVersion = "Xcode 9.3";
			developmentRegion = en;
			hasScannedForEncodings = 0;
			knownRegions = (
				en,
				Base,
			);
			mainGroup = A52B7ADA26BFAF6B00B8D286;
			productRefGroup = A52B7AE426BFAF6B00B8D286 /* Products */;
			projectDirPath = "";
			projectRoot = "";
			targets = (
				A52B7AE226BFAF6B00B8D286 /* MyPageView */,
			);
		};
/* End PBXProject section */

/* Begin PBXResourcesBuildPhase section */
		A52B7AE126BFAF6B00B8D286 /* Resources */ = {
			isa = PBXResourcesBuildPhase;
			buildActionMask = 2147483647;
			files = (
				A52B7AF326BFAF6C00B8D286 /* LaunchScreen.storyboard in Resources */,
				A52B7AF026BFAF6C00B8D286 /* Assets.xcassets in Resources */,
				A52B7AEE26BFAF6B00B8D286 /* Main.storyboard in Resources */,
			);
			runOnlyForDeploymentPostprocessing = 0;
		};
/* End PBXResourcesBuildPhase section */

/* Begin PBXSourcesBuildPhase section */
		A52B7ADF26BFAF6B00B8D286 /* Sources */ = {
			isa = PBXSourcesBuildPhase;
			buildActionMask = 2147483647;
			files = (
				A5B761EA26C01076005F1653 /* MyPageCustomCell.swift in Sources */,
				A52B7AEB26BFAF6B00B8D286 /* ViewController.swift in Sources */,
				A52B7AE726BFAF6B00B8D286 /* AppDelegate.swift in Sources */,
				A5B761E826C0035C005F1653 /* MyPageTableView.swift in Sources */,
				A52B7AE926BFAF6B00B8D286 /* SceneDelegate.swift in Sources */,
			);
			runOnlyForDeploymentPostprocessing = 0;
		};
/* End PBXSourcesBuildPhase section */

/* Begin PBXVariantGroup section */
		A52B7AEC26BFAF6B00B8D286 /* Main.storyboard */ = {
			isa = PBXVariantGroup;
			children = (
				A52B7AED26BFAF6B00B8D286 /* Base */,
			);
			name = Main.storyboard;
			sourceTree = "<group>";
		};
		A52B7AF126BFAF6C00B8D286 /* LaunchScreen.storyboard */ = {
			isa = PBXVariantGroup;
			children = (
				A52B7AF226BFAF6C00B8D286 /* Base */,
			);
			name = LaunchScreen.storyboard;
			sourceTree = "<group>";
		};
/* End PBXVariantGroup section */

/* Begin XCBuildConfiguration section */
		A52B7AF526BFAF6C00B8D286 /* Debug */ = {
			isa = XCBuildConfiguration;
			buildSettings = {
				ALWAYS_SEARCH_USER_PATHS = NO;
				CLANG_ANALYZER_NONNULL = YES;
				CLANG_ANALYZER_NUMBER_OBJECT_CONVERSION = YES_AGGRESSIVE;
				CLANG_CXX_LANGUAGE_STANDARD = "gnu++14";
				CLANG_CXX_LIBRARY = "libc++";
				CLANG_ENABLE_MODULES = YES;
				CLANG_ENABLE_OBJC_ARC = YES;
				CLANG_ENABLE_OBJC_WEAK = YES;
				CLANG_WARN_BLOCK_CAPTURE_AUTORELEASING = YES;
				CLANG_WARN_BOOL_CONVERSION = YES;
				CLANG_WARN_COMMA = YES;
				CLANG_WARN_CONSTANT_CONVERSION = YES;
				CLANG_WARN_DEPRECATED_OBJC_IMPLEMENTATIONS = YES;
				CLANG_WARN_DIRECT_OBJC_ISA_USAGE = YES_ERROR;
				CLANG_WARN_DOCUMENTATION_COMMENTS = YES;
				CLANG_WARN_EMPTY_BODY = YES;
				CLANG_WARN_ENUM_CONVERSION = YES;
				CLANG_WARN_INFINITE_RECURSION = YES;
				CLANG_WARN_INT_CONVERSION = YES;
				CLANG_WARN_NON_LITERAL_NULL_CONVERSION = YES;
				CLANG_WARN_OBJC_IMPLICIT_RETAIN_SELF = YES;
				CLANG_WARN_OBJC_LITERAL_CONVERSION = YES;
				CLANG_WARN_OBJC_ROOT_CLASS = YES_ERROR;
				CLANG_WARN_QUOTED_INCLUDE_IN_FRAMEWORK_HEADER = YES;
				CLANG_WARN_RANGE_LOOP_ANALYSIS = YES;
				CLANG_WARN_STRICT_PROTOTYPES = YES;
				CLANG_WARN_SUSPICIOUS_MOVE = YES;
				CLANG_WARN_UNGUARDED_AVAILABILITY = YES_AGGRESSIVE;
				CLANG_WARN_UNREACHABLE_CODE = YES;
				CLANG_WARN__DUPLICATE_METHOD_MATCH = YES;
				COPY_PHASE_STRIP = NO;
				DEBUG_INFORMATION_FORMAT = dwarf;
				ENABLE_STRICT_OBJC_MSGSEND = YES;
				ENABLE_TESTABILITY = YES;
				GCC_C_LANGUAGE_STANDARD = gnu11;
				GCC_DYNAMIC_NO_PIC = NO;
				GCC_NO_COMMON_BLOCKS = YES;
				GCC_OPTIMIZATION_LEVEL = 0;
				GCC_PREPROCESSOR_DEFINITIONS = (
					"DEBUG=1",
					"$(inherited)",
				);
				GCC_WARN_64_TO_32_BIT_CONVERSION = YES;
				GCC_WARN_ABOUT_RETURN_TYPE = YES_ERROR;
				GCC_WARN_UNDECLARED_SELECTOR = YES;
				GCC_WARN_UNINITIALIZED_AUTOS = YES_AGGRESSIVE;
				GCC_WARN_UNUSED_FUNCTION = YES;
				GCC_WARN_UNUSED_VARIABLE = YES;
				IPHONEOS_DEPLOYMENT_TARGET = 14.5;
				MTL_ENABLE_DEBUG_INFO = INCLUDE_SOURCE;
				MTL_FAST_MATH = YES;
				ONLY_ACTIVE_ARCH = YES;
				SDKROOT = iphoneos;
				SWIFT_ACTIVE_COMPILATION_CONDITIONS = DEBUG;
				SWIFT_OPTIMIZATION_LEVEL = "-Onone";
			};
			name = Debug;
		};
		A52B7AF626BFAF6C00B8D286 /* Release */ = {
			isa = XCBuildConfiguration;
			buildSettings = {
				ALWAYS_SEARCH_USER_PATHS = NO;
				CLANG_ANALYZER_NONNULL = YES;
				CLANG_ANALYZER_NUMBER_OBJECT_CONVERSION = YES_AGGRESSIVE;
				CLANG_CXX_LANGUAGE_STANDARD = "gnu++14";
				CLANG_CXX_LIBRARY = "libc++";
				CLANG_ENABLE_MODULES = YES;
				CLANG_ENABLE_OBJC_ARC = YES;
				CLANG_ENABLE_OBJC_WEAK = YES;
				CLANG_WARN_BLOCK_CAPTURE_AUTORELEASING = YES;
				CLANG_WARN_BOOL_CONVERSION = YES;
				CLANG_WARN_COMMA = YES;
				CLANG_WARN_CONSTANT_CONVERSION = YES;
				CLANG_WARN_DEPRECATED_OBJC_IMPLEMENTATIONS = YES;
				CLANG_WARN_DIRECT_OBJC_ISA_USAGE = YES_ERROR;
				CLANG_WARN_DOCUMENTATION_COMMENTS = YES;
				CLANG_WARN_EMPTY_BODY = YES;
				CLANG_WARN_ENUM_CONVERSION = YES;
				CLANG_WARN_INFINITE_RECURSION = YES;
				CLANG_WARN_INT_CONVERSION = YES;
				CLANG_WARN_NON_LITERAL_NULL_CONVERSION = YES;
				CLANG_WARN_OBJC_IMPLICIT_RETAIN_SELF = YES;
				CLANG_WARN_OBJC_LITERAL_CONVERSION = YES;
				CLANG_WARN_OBJC_ROOT_CLASS = YES_ERROR;
				CLANG_WARN_QUOTED_INCLUDE_IN_FRAMEWORK_HEADER = YES;
				CLANG_WARN_RANGE_LOOP_ANALYSIS = YES;
				CLANG_WARN_STRICT_PROTOTYPES = YES;
				CLANG_WARN_SUSPICIOUS_MOVE = YES;
				CLANG_WARN_UNGUARDED_AVAILABILITY = YES_AGGRESSIVE;
				CLANG_WARN_UNREACHABLE_CODE = YES;
				CLANG_WARN__DUPLICATE_METHOD_MATCH = YES;
				COPY_PHASE_STRIP = NO;
				DEBUG_INFORMATION_FORMAT = "dwarf-with-dsym";
				ENABLE_NS_ASSERTIONS = NO;
				ENABLE_STRICT_OBJC_MSGSEND = YES;
				GCC_C_LANGUAGE_STANDARD = gnu11;
				GCC_NO_COMMON_BLOCKS = YES;
				GCC_WARN_64_TO_32_BIT_CONVERSION = YES;
				GCC_WARN_ABOUT_RETURN_TYPE = YES_ERROR;
				GCC_WARN_UNDECLARED_SELECTOR = YES;
				GCC_WARN_UNINITIALIZED_AUTOS = YES_AGGRESSIVE;
				GCC_WARN_UNUSED_FUNCTION = YES;
				GCC_WARN_UNUSED_VARIABLE = YES;
				IPHONEOS_DEPLOYMENT_TARGET = 14.5;
				MTL_ENABLE_DEBUG_INFO = NO;
				MTL_FAST_MATH = YES;
				SDKROOT = iphoneos;
				SWIFT_COMPILATION_MODE = wholemodule;
				SWIFT_OPTIMIZATION_LEVEL = "-O";
				VALIDATE_PRODUCT = YES;
			};
			name = Release;
		};
		A52B7AF826BFAF6C00B8D286 /* Debug */ = {
			isa = XCBuildConfiguration;
			buildSettings = {
				ASSETCATALOG_COMPILER_APPICON_NAME = AppIcon;
				ASSETCATALOG_COMPILER_GLOBAL_ACCENT_COLOR_NAME = AccentColor;
				CODE_SIGN_STYLE = Automatic;
				INFOPLIST_FILE = MyPageView/Info.plist;
				LD_RUNPATH_SEARCH_PATHS = (
					"$(inherited)",
					"@executable_path/Frameworks",
				);
				PRODUCT_BUNDLE_IDENTIFIER = com.codershigh.MyPageView;
				PRODUCT_NAME = "$(TARGET_NAME)";
				SWIFT_VERSION = 5.0;
				TARGETED_DEVICE_FAMILY = "1,2";
			};
			name = Debug;
		};
		A52B7AF926BFAF6C00B8D286 /* Release */ = {
			isa = XCBuildConfiguration;
			buildSettings = {
				ASSETCATALOG_COMPILER_APPICON_NAME = AppIcon;
				ASSETCATALOG_COMPILER_GLOBAL_ACCENT_COLOR_NAME = AccentColor;
				CODE_SIGN_STYLE = Automatic;
				INFOPLIST_FILE = MyPageView/Info.plist;
				LD_RUNPATH_SEARCH_PATHS = (
					"$(inherited)",
					"@executable_path/Frameworks",
				);
				PRODUCT_BUNDLE_IDENTIFIER = com.codershigh.MyPageView;
				PRODUCT_NAME = "$(TARGET_NAME)";
				SWIFT_VERSION = 5.0;
				TARGETED_DEVICE_FAMILY = "1,2";
			};
			name = Release;
		};
/* End XCBuildConfiguration section */

/* Begin XCConfigurationList section */
		A52B7ADE26BFAF6B00B8D286 /* Build configuration list for PBXProject "MyPageView" */ = {
			isa = XCConfigurationList;
			buildConfigurations = (
				A52B7AF526BFAF6C00B8D286 /* Debug */,
				A52B7AF626BFAF6C00B8D286 /* Release */,
			);
			defaultConfigurationIsVisible = 0;
			defaultConfigurationName = Release;
		};
		A52B7AF726BFAF6C00B8D286 /* Build configuration list for PBXNativeTarget "MyPageView" */ = {
			isa = XCConfigurationList;
			buildConfigurations = (
				A52B7AF826BFAF6C00B8D286 /* Debug */,
				A52B7AF926BFAF6C00B8D286 /* Release */,
			);
			defaultConfigurationIsVisible = 0;
			defaultConfigurationName = Release;
		};
/* End XCConfigurationList section */
	};
	rootObject = A52B7ADB26BFAF6B00B8D286 /* Project object */;
}
