// !$*UTF8*$!
{
	archiveVersion = 1;
	classes = {
	};
	objectVersion = 50;
	objects = {

/* Begin PBXBuildFile section */
		12E808B626BC274400176A73 /* Home.storyboard in Resources */ = {isa = PBXBuildFile; fileRef = 12E808B526BC274400176A73 /* Home.storyboard */; };
		4734127126BBE0450077197B /* CircularProgressView.swift in Sources */ = {isa = PBXBuildFile; fileRef = 4734127026BBE0450077197B /* CircularProgressView.swift */; };
		4734127326BBEEE00077197B /* MainTableViewCell.swift in Sources */ = {isa = PBXBuildFile; fileRef = 4734127226BBEEE00077197B /* MainTableViewCell.swift */; };
		474F42EE26ADA4E200AC29EE /* AppDelegate.swift in Sources */ = {isa = PBXBuildFile; fileRef = 474F42ED26ADA4E200AC29EE /* AppDelegate.swift */; };
		474F42F026ADA4E200AC29EE /* SceneDelegate.swift in Sources */ = {isa = PBXBuildFile; fileRef = 474F42EF26ADA4E200AC29EE /* SceneDelegate.swift */; };
		474F42F226ADA4E200AC29EE /* HomeViewController.swift in Sources */ = {isa = PBXBuildFile; fileRef = 474F42F126ADA4E200AC29EE /* HomeViewController.swift */; };
		474F42F526ADA4E200AC29EE /* Main.storyboard in Resources */ = {isa = PBXBuildFile; fileRef = 474F42F326ADA4E200AC29EE /* Main.storyboard */; };
		474F42F726ADA4E300AC29EE /* Assets.xcassets in Resources */ = {isa = PBXBuildFile; fileRef = 474F42F626ADA4E300AC29EE /* Assets.xcassets */; };
		474F42FA26ADA4E300AC29EE /* LaunchScreen.storyboard in Resources */ = {isa = PBXBuildFile; fileRef = 474F42F826ADA4E300AC29EE /* LaunchScreen.storyboard */; };
		474F430226ADA8D600AC29EE /* HistoryViewController.swift in Sources */ = {isa = PBXBuildFile; fileRef = 474F430126ADA8D600AC29EE /* HistoryViewController.swift */; };
		474F430426ADA8FF00AC29EE /* SearchViewController.swift in Sources */ = {isa = PBXBuildFile; fileRef = 474F430326ADA8FF00AC29EE /* SearchViewController.swift */; };
		474F430626ADA91E00AC29EE /* MyPageViewController.swift in Sources */ = {isa = PBXBuildFile; fileRef = 474F430526ADA91E00AC29EE /* MyPageViewController.swift */; };
		474F430826ADA94A00AC29EE /* FeedViewController.swift in Sources */ = {isa = PBXBuildFile; fileRef = 474F430726ADA94A00AC29EE /* FeedViewController.swift */; };
		474F430A26ADAA8F00AC29EE /* MyChallengesViewController.swift in Sources */ = {isa = PBXBuildFile; fileRef = 474F430926ADAA8F00AC29EE /* MyChallengesViewController.swift */; };
		4788B62A26BA283100A554AB /* HomeModel.swift in Sources */ = {isa = PBXBuildFile; fileRef = 4788B62926BA283100A554AB /* HomeModel.swift */; };
		A57DD2E826B0699200637494 /* ChallengeModel.swift in Sources */ = {isa = PBXBuildFile; fileRef = A57DD2E726B0699200637494 /* ChallengeModel.swift */; };
		A57DD2EA26B06AAB00637494 /* MyChallengeCell.swift in Sources */ = {isa = PBXBuildFile; fileRef = A57DD2E926B06AAB00637494 /* MyChallengeCell.swift */; };
		A57DD2EC26B0728600637494 /* MyChallengeHeaderView.swift in Sources */ = {isa = PBXBuildFile; fileRef = A57DD2EB26B0728600637494 /* MyChallengeHeaderView.swift */; };
/* End PBXBuildFile section */

/* Begin PBXFileReference section */
		12E808B526BC274400176A73 /* Home.storyboard */ = {isa = PBXFileReference; lastKnownFileType = file.storyboard; path = Home.storyboard; sourceTree = "<group>"; };
		4734127026BBE0450077197B /* CircularProgressView.swift */ = {isa = PBXFileReference; lastKnownFileType = sourcecode.swift; path = CircularProgressView.swift; sourceTree = "<group>"; };
		4734127226BBEEE00077197B /* MainTableViewCell.swift */ = {isa = PBXFileReference; lastKnownFileType = sourcecode.swift; path = MainTableViewCell.swift; sourceTree = "<group>"; };
		474F42EA26ADA4E200AC29EE /* ToChallenge.app */ = {isa = PBXFileReference; explicitFileType = wrapper.application; includeInIndex = 0; path = ToChallenge.app; sourceTree = BUILT_PRODUCTS_DIR; };
		474F42ED26ADA4E200AC29EE /* AppDelegate.swift */ = {isa = PBXFileReference; lastKnownFileType = sourcecode.swift; path = AppDelegate.swift; sourceTree = "<group>"; };
		474F42EF26ADA4E200AC29EE /* SceneDelegate.swift */ = {isa = PBXFileReference; lastKnownFileType = sourcecode.swift; path = SceneDelegate.swift; sourceTree = "<group>"; };
		474F42F126ADA4E200AC29EE /* HomeViewController.swift */ = {isa = PBXFileReference; lastKnownFileType = sourcecode.swift; path = HomeViewController.swift; sourceTree = "<group>"; };
		474F42F426ADA4E200AC29EE /* Base */ = {isa = PBXFileReference; lastKnownFileType = file.storyboard; name = Base; path = Base.lproj/Main.storyboard; sourceTree = "<group>"; };
		474F42F626ADA4E300AC29EE /* Assets.xcassets */ = {isa = PBXFileReference; lastKnownFileType = folder.assetcatalog; path = Assets.xcassets; sourceTree = "<group>"; };
		474F42F926ADA4E300AC29EE /* Base */ = {isa = PBXFileReference; lastKnownFileType = file.storyboard; name = Base; path = Base.lproj/LaunchScreen.storyboard; sourceTree = "<group>"; };
		474F42FB26ADA4E300AC29EE /* Info.plist */ = {isa = PBXFileReference; lastKnownFileType = text.plist.xml; path = Info.plist; sourceTree = "<group>"; };
		474F430126ADA8D600AC29EE /* HistoryViewController.swift */ = {isa = PBXFileReference; lastKnownFileType = sourcecode.swift; path = HistoryViewController.swift; sourceTree = "<group>"; };
		474F430326ADA8FF00AC29EE /* SearchViewController.swift */ = {isa = PBXFileReference; lastKnownFileType = sourcecode.swift; path = SearchViewController.swift; sourceTree = "<group>"; };
		474F430526ADA91E00AC29EE /* MyPageViewController.swift */ = {isa = PBXFileReference; lastKnownFileType = sourcecode.swift; path = MyPageViewController.swift; sourceTree = "<group>"; };
		474F430726ADA94A00AC29EE /* FeedViewController.swift */ = {isa = PBXFileReference; lastKnownFileType = sourcecode.swift; path = FeedViewController.swift; sourceTree = "<group>"; };
		474F430926ADAA8F00AC29EE /* MyChallengesViewController.swift */ = {isa = PBXFileReference; lastKnownFileType = sourcecode.swift; path = MyChallengesViewController.swift; sourceTree = "<group>"; };
		4788B62926BA283100A554AB /* HomeModel.swift */ = {isa = PBXFileReference; lastKnownFileType = sourcecode.swift; path = HomeModel.swift; sourceTree = "<group>"; };
		A57DD2E726B0699200637494 /* ChallengeModel.swift */ = {isa = PBXFileReference; lastKnownFileType = sourcecode.swift; path = ChallengeModel.swift; sourceTree = "<group>"; };
		A57DD2E926B06AAB00637494 /* MyChallengeCell.swift */ = {isa = PBXFileReference; lastKnownFileType = sourcecode.swift; path = MyChallengeCell.swift; sourceTree = "<group>"; };
		A57DD2EB26B0728600637494 /* MyChallengeHeaderView.swift */ = {isa = PBXFileReference; lastKnownFileType = sourcecode.swift; path = MyChallengeHeaderView.swift; sourceTree = "<group>"; };
/* End PBXFileReference section */

/* Begin PBXFrameworksBuildPhase section */
		474F42E726ADA4E200AC29EE /* Frameworks */ = {
			isa = PBXFrameworksBuildPhase;
			buildActionMask = 2147483647;
			files = (
			);
			runOnlyForDeploymentPostprocessing = 0;
		};
/* End PBXFrameworksBuildPhase section */

/* Begin PBXGroup section */
		12E808B426BC25A200176A73 /* Home */ = {
			isa = PBXGroup;
			children = (
				4788B62926BA283100A554AB /* HomeModel.swift */,
				474F42F126ADA4E200AC29EE /* HomeViewController.swift */,
				12E808B526BC274400176A73 /* Home.storyboard */,
			);
			path = Home;
			sourceTree = "<group>";
		};
		474F42E126ADA4E200AC29EE = {
			isa = PBXGroup;
			children = (
				474F42EC26ADA4E200AC29EE /* ToChallenge */,
				474F42EB26ADA4E200AC29EE /* Products */,
			);
			sourceTree = "<group>";
		};
		474F42EB26ADA4E200AC29EE /* Products */ = {
			isa = PBXGroup;
			children = (
				474F42EA26ADA4E200AC29EE /* ToChallenge.app */,
			);
			name = Products;
			sourceTree = "<group>";
		};
		474F42EC26ADA4E200AC29EE /* ToChallenge */ = {
			isa = PBXGroup;
			children = (
				12E808B426BC25A200176A73 /* Home */,
				474F42ED26ADA4E200AC29EE /* AppDelegate.swift */,
				474F42EF26ADA4E200AC29EE /* SceneDelegate.swift */,
				474F42F326ADA4E200AC29EE /* Main.storyboard */,
				4734127226BBEEE00077197B /* MainTableViewCell.swift */,
				474F42F626ADA4E300AC29EE /* Assets.xcassets */,
				474F42F826ADA4E300AC29EE /* LaunchScreen.storyboard */,
				474F42FB26ADA4E300AC29EE /* Info.plist */,
				474F430126ADA8D600AC29EE /* HistoryViewController.swift */,
				474F430326ADA8FF00AC29EE /* SearchViewController.swift */,
				474F430526ADA91E00AC29EE /* MyPageViewController.swift */,
				474F430726ADA94A00AC29EE /* FeedViewController.swift */,
				474F430926ADAA8F00AC29EE /* MyChallengesViewController.swift */,
				A57DD2EB26B0728600637494 /* MyChallengeHeaderView.swift */,
				A57DD2E926B06AAB00637494 /* MyChallengeCell.swift */,
				A57DD2E726B0699200637494 /* ChallengeModel.swift */,
				4734127026BBE0450077197B /* CircularProgressView.swift */,
			);
			path = ToChallenge;
			sourceTree = "<group>";
		};
/* End PBXGroup section */

/* Begin PBXNativeTarget section */
		474F42E926ADA4E200AC29EE /* ToChallenge */ = {
			isa = PBXNativeTarget;
			buildConfigurationList = 474F42FE26ADA4E300AC29EE /* Build configuration list for PBXNativeTarget "ToChallenge" */;
			buildPhases = (
				474F42E626ADA4E200AC29EE /* Sources */,
				474F42E726ADA4E200AC29EE /* Frameworks */,
				474F42E826ADA4E200AC29EE /* Resources */,
			);
			buildRules = (
			);
			dependencies = (
			);
			name = ToChallenge;
			productName = ToChallenge;
			productReference = 474F42EA26ADA4E200AC29EE /* ToChallenge.app */;
			productType = "com.apple.product-type.application";
		};
/* End PBXNativeTarget section */

/* Begin PBXProject section */
		474F42E226ADA4E200AC29EE /* Project object */ = {
			isa = PBXProject;
			attributes = {
				LastSwiftUpdateCheck = 1250;
				LastUpgradeCheck = 1250;
				TargetAttributes = {
					474F42E926ADA4E200AC29EE = {
						CreatedOnToolsVersion = 12.5.1;
					};
				};
			};
			buildConfigurationList = 474F42E526ADA4E200AC29EE /* Build configuration list for PBXProject "ToChallenge" */;
			compatibilityVersion = "Xcode 9.3";
			developmentRegion = en;
			hasScannedForEncodings = 0;
			knownRegions = (
				en,
				Base,
			);
			mainGroup = 474F42E126ADA4E200AC29EE;
			productRefGroup = 474F42EB26ADA4E200AC29EE /* Products */;
			projectDirPath = "";
			projectRoot = "";
			targets = (
				474F42E926ADA4E200AC29EE /* ToChallenge */,
			);
		};
/* End PBXProject section */

/* Begin PBXResourcesBuildPhase section */
		474F42E826ADA4E200AC29EE /* Resources */ = {
			isa = PBXResourcesBuildPhase;
			buildActionMask = 2147483647;
			files = (
				474F42FA26ADA4E300AC29EE /* LaunchScreen.storyboard in Resources */,
				474F42F726ADA4E300AC29EE /* Assets.xcassets in Resources */,
				474F42F526ADA4E200AC29EE /* Main.storyboard in Resources */,
				12E808B626BC274400176A73 /* Home.storyboard in Resources */,
			);
			runOnlyForDeploymentPostprocessing = 0;
		};
/* End PBXResourcesBuildPhase section */

/* Begin PBXSourcesBuildPhase section */
		474F42E626ADA4E200AC29EE /* Sources */ = {
			isa = PBXSourcesBuildPhase;
			buildActionMask = 2147483647;
			files = (
				474F430426ADA8FF00AC29EE /* SearchViewController.swift in Sources */,
				474F430626ADA91E00AC29EE /* MyPageViewController.swift in Sources */,
				474F42F226ADA4E200AC29EE /* HomeViewController.swift in Sources */,
				A57DD2E826B0699200637494 /* ChallengeModel.swift in Sources */,
				474F42EE26ADA4E200AC29EE /* AppDelegate.swift in Sources */,
				474F430A26ADAA8F00AC29EE /* MyChallengesViewController.swift in Sources */,
				474F42F026ADA4E200AC29EE /* SceneDelegate.swift in Sources */,
				474F430226ADA8D600AC29EE /* HistoryViewController.swift in Sources */,
				4788B62A26BA283100A554AB /* HomeModel.swift in Sources */,
				474F430826ADA94A00AC29EE /* FeedViewController.swift in Sources */,
				4734127326BBEEE00077197B /* MainTableViewCell.swift in Sources */,
				A57DD2EC26B0728600637494 /* MyChallengeHeaderView.swift in Sources */,
				4734127126BBE0450077197B /* CircularProgressView.swift in Sources */,
				A57DD2EA26B06AAB00637494 /* MyChallengeCell.swift in Sources */,
			);
			runOnlyForDeploymentPostprocessing = 0;
		};
/* End PBXSourcesBuildPhase section */

/* Begin PBXVariantGroup section */
		474F42F326ADA4E200AC29EE /* Main.storyboard */ = {
			isa = PBXVariantGroup;
			children = (
				474F42F426ADA4E200AC29EE /* Base */,
			);
			name = Main.storyboard;
			sourceTree = "<group>";
		};
		474F42F826ADA4E300AC29EE /* LaunchScreen.storyboard */ = {
			isa = PBXVariantGroup;
			children = (
				474F42F926ADA4E300AC29EE /* Base */,
			);
			name = LaunchScreen.storyboard;
			sourceTree = "<group>";
		};
/* End PBXVariantGroup section */

/* Begin XCBuildConfiguration section */
		474F42FC26ADA4E300AC29EE /* Debug */ = {
			isa = XCBuildConfiguration;
			buildSettings = {
				ALWAYS_SEARCH_USER_PATHS = NO;
				CLANG_ANALYZER_NONNULL = YES;
				CLANG_ANALYZER_NUMBER_OBJECT_CONVERSION = YES_AGGRESSIVE;
				CLANG_CXX_LANGUAGE_STANDARD = "gnu++14";
				CLANG_CXX_LIBRARY = "libc++";
				CLANG_ENABLE_MODULES = YES;
				CLANG_ENABLE_OBJC_ARC = YES;
				CLANG_ENABLE_OBJC_WEAK = YES;
				CLANG_WARN_BLOCK_CAPTURE_AUTORELEASING = YES;
				CLANG_WARN_BOOL_CONVERSION = YES;
				CLANG_WARN_COMMA = YES;
				CLANG_WARN_CONSTANT_CONVERSION = YES;
				CLANG_WARN_DEPRECATED_OBJC_IMPLEMENTATIONS = YES;
				CLANG_WARN_DIRECT_OBJC_ISA_USAGE = YES_ERROR;
				CLANG_WARN_DOCUMENTATION_COMMENTS = YES;
				CLANG_WARN_EMPTY_BODY = YES;
				CLANG_WARN_ENUM_CONVERSION = YES;
				CLANG_WARN_INFINITE_RECURSION = YES;
				CLANG_WARN_INT_CONVERSION = YES;
				CLANG_WARN_NON_LITERAL_NULL_CONVERSION = YES;
				CLANG_WARN_OBJC_IMPLICIT_RETAIN_SELF = YES;
				CLANG_WARN_OBJC_LITERAL_CONVERSION = YES;
				CLANG_WARN_OBJC_ROOT_CLASS = YES_ERROR;
				CLANG_WARN_QUOTED_INCLUDE_IN_FRAMEWORK_HEADER = YES;
				CLANG_WARN_RANGE_LOOP_ANALYSIS = YES;
				CLANG_WARN_STRICT_PROTOTYPES = YES;
				CLANG_WARN_SUSPICIOUS_MOVE = YES;
				CLANG_WARN_UNGUARDED_AVAILABILITY = YES_AGGRESSIVE;
				CLANG_WARN_UNREACHABLE_CODE = YES;
				CLANG_WARN__DUPLICATE_METHOD_MATCH = YES;
				COPY_PHASE_STRIP = NO;
				DEBUG_INFORMATION_FORMAT = dwarf;
				ENABLE_STRICT_OBJC_MSGSEND = YES;
				ENABLE_TESTABILITY = YES;
				GCC_C_LANGUAGE_STANDARD = gnu11;
				GCC_DYNAMIC_NO_PIC = NO;
				GCC_NO_COMMON_BLOCKS = YES;
				GCC_OPTIMIZATION_LEVEL = 0;
				GCC_PREPROCESSOR_DEFINITIONS = (
					"DEBUG=1",
					"$(inherited)",
				);
				GCC_WARN_64_TO_32_BIT_CONVERSION = YES;
				GCC_WARN_ABOUT_RETURN_TYPE = YES_ERROR;
				GCC_WARN_UNDECLARED_SELECTOR = YES;
				GCC_WARN_UNINITIALIZED_AUTOS = YES_AGGRESSIVE;
				GCC_WARN_UNUSED_FUNCTION = YES;
				GCC_WARN_UNUSED_VARIABLE = YES;
				IPHONEOS_DEPLOYMENT_TARGET = 14.5;
				MTL_ENABLE_DEBUG_INFO = INCLUDE_SOURCE;
				MTL_FAST_MATH = YES;
				ONLY_ACTIVE_ARCH = YES;
				SDKROOT = iphoneos;
				SWIFT_ACTIVE_COMPILATION_CONDITIONS = DEBUG;
				SWIFT_OPTIMIZATION_LEVEL = "-Onone";
			};
			name = Debug;
		};
		474F42FD26ADA4E300AC29EE /* Release */ = {
			isa = XCBuildConfiguration;
			buildSettings = {
				ALWAYS_SEARCH_USER_PATHS = NO;
				CLANG_ANALYZER_NONNULL = YES;
				CLANG_ANALYZER_NUMBER_OBJECT_CONVERSION = YES_AGGRESSIVE;
				CLANG_CXX_LANGUAGE_STANDARD = "gnu++14";
				CLANG_CXX_LIBRARY = "libc++";
				CLANG_ENABLE_MODULES = YES;
				CLANG_ENABLE_OBJC_ARC = YES;
				CLANG_ENABLE_OBJC_WEAK = YES;
				CLANG_WARN_BLOCK_CAPTURE_AUTORELEASING = YES;
				CLANG_WARN_BOOL_CONVERSION = YES;
				CLANG_WARN_COMMA = YES;
				CLANG_WARN_CONSTANT_CONVERSION = YES;
				CLANG_WARN_DEPRECATED_OBJC_IMPLEMENTATIONS = YES;
				CLANG_WARN_DIRECT_OBJC_ISA_USAGE = YES_ERROR;
				CLANG_WARN_DOCUMENTATION_COMMENTS = YES;
				CLANG_WARN_EMPTY_BODY = YES;
				CLANG_WARN_ENUM_CONVERSION = YES;
				CLANG_WARN_INFINITE_RECURSION = YES;
				CLANG_WARN_INT_CONVERSION = YES;
				CLANG_WARN_NON_LITERAL_NULL_CONVERSION = YES;
				CLANG_WARN_OBJC_IMPLICIT_RETAIN_SELF = YES;
				CLANG_WARN_OBJC_LITERAL_CONVERSION = YES;
				CLANG_WARN_OBJC_ROOT_CLASS = YES_ERROR;
				CLANG_WARN_QUOTED_INCLUDE_IN_FRAMEWORK_HEADER = YES;
				CLANG_WARN_RANGE_LOOP_ANALYSIS = YES;
				CLANG_WARN_STRICT_PROTOTYPES = YES;
				CLANG_WARN_SUSPICIOUS_MOVE = YES;
				CLANG_WARN_UNGUARDED_AVAILABILITY = YES_AGGRESSIVE;
				CLANG_WARN_UNREACHABLE_CODE = YES;
				CLANG_WARN__DUPLICATE_METHOD_MATCH = YES;
				COPY_PHASE_STRIP = NO;
				DEBUG_INFORMATION_FORMAT = "dwarf-with-dsym";
				ENABLE_NS_ASSERTIONS = NO;
				ENABLE_STRICT_OBJC_MSGSEND = YES;
				GCC_C_LANGUAGE_STANDARD = gnu11;
				GCC_NO_COMMON_BLOCKS = YES;
				GCC_WARN_64_TO_32_BIT_CONVERSION = YES;
				GCC_WARN_ABOUT_RETURN_TYPE = YES_ERROR;
				GCC_WARN_UNDECLARED_SELECTOR = YES;
				GCC_WARN_UNINITIALIZED_AUTOS = YES_AGGRESSIVE;
				GCC_WARN_UNUSED_FUNCTION = YES;
				GCC_WARN_UNUSED_VARIABLE = YES;
				IPHONEOS_DEPLOYMENT_TARGET = 14.5;
				MTL_ENABLE_DEBUG_INFO = NO;
				MTL_FAST_MATH = YES;
				SDKROOT = iphoneos;
				SWIFT_COMPILATION_MODE = wholemodule;
				SWIFT_OPTIMIZATION_LEVEL = "-O";
				VALIDATE_PRODUCT = YES;
			};
			name = Release;
		};
		474F42FF26ADA4E300AC29EE /* Debug */ = {
			isa = XCBuildConfiguration;
			buildSettings = {
				ASSETCATALOG_COMPILER_APPICON_NAME = AppIcon;
				ASSETCATALOG_COMPILER_GLOBAL_ACCENT_COLOR_NAME = AccentColor;
				CODE_SIGN_STYLE = Automatic;
				INFOPLIST_FILE = ToChallenge/Info.plist;
				LD_RUNPATH_SEARCH_PATHS = (
					"$(inherited)",
					"@executable_path/Frameworks",
				);
				PRODUCT_BUNDLE_IDENTIFIER = com.ToChallenge.ToChallenge;
				PRODUCT_NAME = "$(TARGET_NAME)";
				SWIFT_VERSION = 5.0;
				TARGETED_DEVICE_FAMILY = "1,2";
			};
			name = Debug;
		};
		474F430026ADA4E300AC29EE /* Release */ = {
			isa = XCBuildConfiguration;
			buildSettings = {
				ASSETCATALOG_COMPILER_APPICON_NAME = AppIcon;
				ASSETCATALOG_COMPILER_GLOBAL_ACCENT_COLOR_NAME = AccentColor;
				CODE_SIGN_STYLE = Automatic;
				INFOPLIST_FILE = ToChallenge/Info.plist;
				LD_RUNPATH_SEARCH_PATHS = (
					"$(inherited)",
					"@executable_path/Frameworks",
				);
				PRODUCT_BUNDLE_IDENTIFIER = com.ToChallenge.ToChallenge;
				PRODUCT_NAME = "$(TARGET_NAME)";
				SWIFT_VERSION = 5.0;
				TARGETED_DEVICE_FAMILY = "1,2";
			};
			name = Release;
		};
/* End XCBuildConfiguration section */

/* Begin XCConfigurationList section */
		474F42E526ADA4E200AC29EE /* Build configuration list for PBXProject "ToChallenge" */ = {
			isa = XCConfigurationList;
			buildConfigurations = (
				474F42FC26ADA4E300AC29EE /* Debug */,
				474F42FD26ADA4E300AC29EE /* Release */,
			);
			defaultConfigurationIsVisible = 0;
			defaultConfigurationName = Release;
		};
		474F42FE26ADA4E300AC29EE /* Build configuration list for PBXNativeTarget "ToChallenge" */ = {
			isa = XCConfigurationList;
			buildConfigurations = (
				474F42FF26ADA4E300AC29EE /* Debug */,
				474F430026ADA4E300AC29EE /* Release */,
			);
			defaultConfigurationIsVisible = 0;
			defaultConfigurationName = Release;
		};
/* End XCConfigurationList section */
	};
	rootObject = 474F42E226ADA4E200AC29EE /* Project object */;
}
