// !$*UTF8*$!
{
	archiveVersion = 1;
	classes = {
	};
	objectVersion = 50;
	objects = {

/* Begin PBXBuildFile section */
		470F360E26A40735004CF5E6 /* AppDelegate.swift in Sources */ = {isa = PBXBuildFile; fileRef = 470F360D26A40735004CF5E6 /* AppDelegate.swift */; };
		470F361026A40735004CF5E6 /* SceneDelegate.swift in Sources */ = {isa = PBXBuildFile; fileRef = 470F360F26A40735004CF5E6 /* SceneDelegate.swift */; };
		470F361226A40735004CF5E6 /* ViewController.swift in Sources */ = {isa = PBXBuildFile; fileRef = 470F361126A40735004CF5E6 /* ViewController.swift */; };
		470F361526A40735004CF5E6 /* Main.storyboard in Resources */ = {isa = PBXBuildFile; fileRef = 470F361326A40735004CF5E6 /* Main.storyboard */; };
		470F361726A40736004CF5E6 /* Assets.xcassets in Resources */ = {isa = PBXBuildFile; fileRef = 470F361626A40736004CF5E6 /* Assets.xcassets */; };
		470F361A26A40736004CF5E6 /* LaunchScreen.storyboard in Resources */ = {isa = PBXBuildFile; fileRef = 470F361826A40736004CF5E6 /* LaunchScreen.storyboard */; };
		470F362426A407E8004CF5E6 /* MainTableViewController.swift in Sources */ = {isa = PBXBuildFile; fileRef = 470F362326A407E8004CF5E6 /* MainTableViewController.swift */; };
		470F362626A40865004CF5E6 /* ChallengeModel.swift in Sources */ = {isa = PBXBuildFile; fileRef = 470F362526A40865004CF5E6 /* ChallengeModel.swift */; };
/* End PBXBuildFile section */

/* Begin PBXFileReference section */
		470F360A26A40735004CF5E6 /* challengeTable.app */ = {isa = PBXFileReference; explicitFileType = wrapper.application; includeInIndex = 0; path = challengeTable.app; sourceTree = BUILT_PRODUCTS_DIR; };
		470F360D26A40735004CF5E6 /* AppDelegate.swift */ = {isa = PBXFileReference; lastKnownFileType = sourcecode.swift; path = AppDelegate.swift; sourceTree = "<group>"; };
		470F360F26A40735004CF5E6 /* SceneDelegate.swift */ = {isa = PBXFileReference; lastKnownFileType = sourcecode.swift; path = SceneDelegate.swift; sourceTree = "<group>"; };
		470F361126A40735004CF5E6 /* ViewController.swift */ = {isa = PBXFileReference; lastKnownFileType = sourcecode.swift; path = ViewController.swift; sourceTree = "<group>"; };
		470F361426A40735004CF5E6 /* Base */ = {isa = PBXFileReference; lastKnownFileType = file.storyboard; name = Base; path = Base.lproj/Main.storyboard; sourceTree = "<group>"; };
		470F361626A40736004CF5E6 /* Assets.xcassets */ = {isa = PBXFileReference; lastKnownFileType = folder.assetcatalog; path = Assets.xcassets; sourceTree = "<group>"; };
		470F361926A40736004CF5E6 /* Base */ = {isa = PBXFileReference; lastKnownFileType = file.storyboard; name = Base; path = Base.lproj/LaunchScreen.storyboard; sourceTree = "<group>"; };
		470F361B26A40736004CF5E6 /* Info.plist */ = {isa = PBXFileReference; lastKnownFileType = text.plist.xml; path = Info.plist; sourceTree = "<group>"; };
		470F362326A407E8004CF5E6 /* MainTableViewController.swift */ = {isa = PBXFileReference; lastKnownFileType = sourcecode.swift; path = MainTableViewController.swift; sourceTree = "<group>"; };
		470F362526A40865004CF5E6 /* ChallengeModel.swift */ = {isa = PBXFileReference; lastKnownFileType = sourcecode.swift; path = ChallengeModel.swift; sourceTree = "<group>"; };
/* End PBXFileReference section */

/* Begin PBXFrameworksBuildPhase section */
		470F360726A40735004CF5E6 /* Frameworks */ = {
			isa = PBXFrameworksBuildPhase;
			buildActionMask = 2147483647;
			files = (
			);
			runOnlyForDeploymentPostprocessing = 0;
		};
/* End PBXFrameworksBuildPhase section */

/* Begin PBXGroup section */
		470F360126A40735004CF5E6 = {
			isa = PBXGroup;
			children = (
				470F360C26A40735004CF5E6 /* challengeTable */,
				470F360B26A40735004CF5E6 /* Products */,
			);
			sourceTree = "<group>";
		};
		470F360B26A40735004CF5E6 /* Products */ = {
			isa = PBXGroup;
			children = (
				470F360A26A40735004CF5E6 /* challengeTable.app */,
			);
			name = Products;
			sourceTree = "<group>";
		};
		470F360C26A40735004CF5E6 /* challengeTable */ = {
			isa = PBXGroup;
			children = (
				470F360D26A40735004CF5E6 /* AppDelegate.swift */,
				470F360F26A40735004CF5E6 /* SceneDelegate.swift */,
				470F361126A40735004CF5E6 /* ViewController.swift */,
				470F361326A40735004CF5E6 /* Main.storyboard */,
				470F361626A40736004CF5E6 /* Assets.xcassets */,
				470F361826A40736004CF5E6 /* LaunchScreen.storyboard */,
				470F361B26A40736004CF5E6 /* Info.plist */,
				470F362326A407E8004CF5E6 /* MainTableViewController.swift */,
				470F362526A40865004CF5E6 /* ChallengeModel.swift */,
			);
			path = challengeTable;
			sourceTree = "<group>";
		};
/* End PBXGroup section */

/* Begin PBXNativeTarget section */
		470F360926A40735004CF5E6 /* challengeTable */ = {
			isa = PBXNativeTarget;
			buildConfigurationList = 470F361E26A40736004CF5E6 /* Build configuration list for PBXNativeTarget "challengeTable" */;
			buildPhases = (
				470F360626A40735004CF5E6 /* Sources */,
				470F360726A40735004CF5E6 /* Frameworks */,
				470F360826A40735004CF5E6 /* Resources */,
			);
			buildRules = (
			);
			dependencies = (
			);
			name = challengeTable;
			productName = challengeTable;
			productReference = 470F360A26A40735004CF5E6 /* challengeTable.app */;
			productType = "com.apple.product-type.application";
		};
/* End PBXNativeTarget section */

/* Begin PBXProject section */
		470F360226A40735004CF5E6 /* Project object */ = {
			isa = PBXProject;
			attributes = {
				LastSwiftUpdateCheck = 1250;
				LastUpgradeCheck = 1250;
				TargetAttributes = {
					470F360926A40735004CF5E6 = {
						CreatedOnToolsVersion = 12.5.1;
					};
				};
			};
			buildConfigurationList = 470F360526A40735004CF5E6 /* Build configuration list for PBXProject "challengeTable" */;
			compatibilityVersion = "Xcode 9.3";
			developmentRegion = en;
			hasScannedForEncodings = 0;
			knownRegions = (
				en,
				Base,
			);
			mainGroup = 470F360126A40735004CF5E6;
			productRefGroup = 470F360B26A40735004CF5E6 /* Products */;
			projectDirPath = "";
			projectRoot = "";
			targets = (
				470F360926A40735004CF5E6 /* challengeTable */,
			);
		};
/* End PBXProject section */

/* Begin PBXResourcesBuildPhase section */
		470F360826A40735004CF5E6 /* Resources */ = {
			isa = PBXResourcesBuildPhase;
			buildActionMask = 2147483647;
			files = (
				470F361A26A40736004CF5E6 /* LaunchScreen.storyboard in Resources */,
				470F361726A40736004CF5E6 /* Assets.xcassets in Resources */,
				470F361526A40735004CF5E6 /* Main.storyboard in Resources */,
			);
			runOnlyForDeploymentPostprocessing = 0;
		};
/* End PBXResourcesBuildPhase section */

/* Begin PBXSourcesBuildPhase section */
		470F360626A40735004CF5E6 /* Sources */ = {
			isa = PBXSourcesBuildPhase;
			buildActionMask = 2147483647;
			files = (
				470F362426A407E8004CF5E6 /* MainTableViewController.swift in Sources */,
				470F361226A40735004CF5E6 /* ViewController.swift in Sources */,
				470F360E26A40735004CF5E6 /* AppDelegate.swift in Sources */,
				470F361026A40735004CF5E6 /* SceneDelegate.swift in Sources */,
				470F362626A40865004CF5E6 /* ChallengeModel.swift in Sources */,
			);
			runOnlyForDeploymentPostprocessing = 0;
		};
/* End PBXSourcesBuildPhase section */

/* Begin PBXVariantGroup section */
		470F361326A40735004CF5E6 /* Main.storyboard */ = {
			isa = PBXVariantGroup;
			children = (
				470F361426A40735004CF5E6 /* Base */,
			);
			name = Main.storyboard;
			sourceTree = "<group>";
		};
		470F361826A40736004CF5E6 /* LaunchScreen.storyboard */ = {
			isa = PBXVariantGroup;
			children = (
				470F361926A40736004CF5E6 /* Base */,
			);
			name = LaunchScreen.storyboard;
			sourceTree = "<group>";
		};
/* End PBXVariantGroup section */

/* Begin XCBuildConfiguration section */
		470F361C26A40736004CF5E6 /* Debug */ = {
			isa = XCBuildConfiguration;
			buildSettings = {
				ALWAYS_SEARCH_USER_PATHS = NO;
				CLANG_ANALYZER_NONNULL = YES;
				CLANG_ANALYZER_NUMBER_OBJECT_CONVERSION = YES_AGGRESSIVE;
				CLANG_CXX_LANGUAGE_STANDARD = "gnu++14";
				CLANG_CXX_LIBRARY = "libc++";
				CLANG_ENABLE_MODULES = YES;
				CLANG_ENABLE_OBJC_ARC = YES;
				CLANG_ENABLE_OBJC_WEAK = YES;
				CLANG_WARN_BLOCK_CAPTURE_AUTORELEASING = YES;
				CLANG_WARN_BOOL_CONVERSION = YES;
				CLANG_WARN_COMMA = YES;
				CLANG_WARN_CONSTANT_CONVERSION = YES;
				CLANG_WARN_DEPRECATED_OBJC_IMPLEMENTATIONS = YES;
				CLANG_WARN_DIRECT_OBJC_ISA_USAGE = YES_ERROR;
				CLANG_WARN_DOCUMENTATION_COMMENTS = YES;
				CLANG_WARN_EMPTY_BODY = YES;
				CLANG_WARN_ENUM_CONVERSION = YES;
				CLANG_WARN_INFINITE_RECURSION = YES;
				CLANG_WARN_INT_CONVERSION = YES;
				CLANG_WARN_NON_LITERAL_NULL_CONVERSION = YES;
				CLANG_WARN_OBJC_IMPLICIT_RETAIN_SELF = YES;
				CLANG_WARN_OBJC_LITERAL_CONVERSION = YES;
				CLANG_WARN_OBJC_ROOT_CLASS = YES_ERROR;
				CLANG_WARN_QUOTED_INCLUDE_IN_FRAMEWORK_HEADER = YES;
				CLANG_WARN_RANGE_LOOP_ANALYSIS = YES;
				CLANG_WARN_STRICT_PROTOTYPES = YES;
				CLANG_WARN_SUSPICIOUS_MOVE = YES;
				CLANG_WARN_UNGUARDED_AVAILABILITY = YES_AGGRESSIVE;
				CLANG_WARN_UNREACHABLE_CODE = YES;
				CLANG_WARN__DUPLICATE_METHOD_MATCH = YES;
				COPY_PHASE_STRIP = NO;
				DEBUG_INFORMATION_FORMAT = dwarf;
				ENABLE_STRICT_OBJC_MSGSEND = YES;
				ENABLE_TESTABILITY = YES;
				GCC_C_LANGUAGE_STANDARD = gnu11;
				GCC_DYNAMIC_NO_PIC = NO;
				GCC_NO_COMMON_BLOCKS = YES;
				GCC_OPTIMIZATION_LEVEL = 0;
				GCC_PREPROCESSOR_DEFINITIONS = (
					"DEBUG=1",
					"$(inherited)",
				);
				GCC_WARN_64_TO_32_BIT_CONVERSION = YES;
				GCC_WARN_ABOUT_RETURN_TYPE = YES_ERROR;
				GCC_WARN_UNDECLARED_SELECTOR = YES;
				GCC_WARN_UNINITIALIZED_AUTOS = YES_AGGRESSIVE;
				GCC_WARN_UNUSED_FUNCTION = YES;
				GCC_WARN_UNUSED_VARIABLE = YES;
				IPHONEOS_DEPLOYMENT_TARGET = 14.5;
				MTL_ENABLE_DEBUG_INFO = INCLUDE_SOURCE;
				MTL_FAST_MATH = YES;
				ONLY_ACTIVE_ARCH = YES;
				SDKROOT = iphoneos;
				SWIFT_ACTIVE_COMPILATION_CONDITIONS = DEBUG;
				SWIFT_OPTIMIZATION_LEVEL = "-Onone";
			};
			name = Debug;
		};
		470F361D26A40736004CF5E6 /* Release */ = {
			isa = XCBuildConfiguration;
			buildSettings = {
				ALWAYS_SEARCH_USER_PATHS = NO;
				CLANG_ANALYZER_NONNULL = YES;
				CLANG_ANALYZER_NUMBER_OBJECT_CONVERSION = YES_AGGRESSIVE;
				CLANG_CXX_LANGUAGE_STANDARD = "gnu++14";
				CLANG_CXX_LIBRARY = "libc++";
				CLANG_ENABLE_MODULES = YES;
				CLANG_ENABLE_OBJC_ARC = YES;
				CLANG_ENABLE_OBJC_WEAK = YES;
				CLANG_WARN_BLOCK_CAPTURE_AUTORELEASING = YES;
				CLANG_WARN_BOOL_CONVERSION = YES;
				CLANG_WARN_COMMA = YES;
				CLANG_WARN_CONSTANT_CONVERSION = YES;
				CLANG_WARN_DEPRECATED_OBJC_IMPLEMENTATIONS = YES;
				CLANG_WARN_DIRECT_OBJC_ISA_USAGE = YES_ERROR;
				CLANG_WARN_DOCUMENTATION_COMMENTS = YES;
				CLANG_WARN_EMPTY_BODY = YES;
				CLANG_WARN_ENUM_CONVERSION = YES;
				CLANG_WARN_INFINITE_RECURSION = YES;
				CLANG_WARN_INT_CONVERSION = YES;
				CLANG_WARN_NON_LITERAL_NULL_CONVERSION = YES;
				CLANG_WARN_OBJC_IMPLICIT_RETAIN_SELF = YES;
				CLANG_WARN_OBJC_LITERAL_CONVERSION = YES;
				CLANG_WARN_OBJC_ROOT_CLASS = YES_ERROR;
				CLANG_WARN_QUOTED_INCLUDE_IN_FRAMEWORK_HEADER = YES;
				CLANG_WARN_RANGE_LOOP_ANALYSIS = YES;
				CLANG_WARN_STRICT_PROTOTYPES = YES;
				CLANG_WARN_SUSPICIOUS_MOVE = YES;
				CLANG_WARN_UNGUARDED_AVAILABILITY = YES_AGGRESSIVE;
				CLANG_WARN_UNREACHABLE_CODE = YES;
				CLANG_WARN__DUPLICATE_METHOD_MATCH = YES;
				COPY_PHASE_STRIP = NO;
				DEBUG_INFORMATION_FORMAT = "dwarf-with-dsym";
				ENABLE_NS_ASSERTIONS = NO;
				ENABLE_STRICT_OBJC_MSGSEND = YES;
				GCC_C_LANGUAGE_STANDARD = gnu11;
				GCC_NO_COMMON_BLOCKS = YES;
				GCC_WARN_64_TO_32_BIT_CONVERSION = YES;
				GCC_WARN_ABOUT_RETURN_TYPE = YES_ERROR;
				GCC_WARN_UNDECLARED_SELECTOR = YES;
				GCC_WARN_UNINITIALIZED_AUTOS = YES_AGGRESSIVE;
				GCC_WARN_UNUSED_FUNCTION = YES;
				GCC_WARN_UNUSED_VARIABLE = YES;
				IPHONEOS_DEPLOYMENT_TARGET = 14.5;
				MTL_ENABLE_DEBUG_INFO = NO;
				MTL_FAST_MATH = YES;
				SDKROOT = iphoneos;
				SWIFT_COMPILATION_MODE = wholemodule;
				SWIFT_OPTIMIZATION_LEVEL = "-O";
				VALIDATE_PRODUCT = YES;
			};
			name = Release;
		};
		470F361F26A40736004CF5E6 /* Debug */ = {
			isa = XCBuildConfiguration;
			buildSettings = {
				ASSETCATALOG_COMPILER_APPICON_NAME = AppIcon;
				ASSETCATALOG_COMPILER_GLOBAL_ACCENT_COLOR_NAME = AccentColor;
				CODE_SIGN_STYLE = Automatic;
				INFOPLIST_FILE = challengeTable/Info.plist;
				LD_RUNPATH_SEARCH_PATHS = (
					"$(inherited)",
					"@executable_path/Frameworks",
				);
				PRODUCT_BUNDLE_IDENTIFIER = "com.yeah-zin.challengeTable";
				PRODUCT_NAME = "$(TARGET_NAME)";
				SWIFT_VERSION = 5.0;
				TARGETED_DEVICE_FAMILY = "1,2";
			};
			name = Debug;
		};
		470F362026A40736004CF5E6 /* Release */ = {
			isa = XCBuildConfiguration;
			buildSettings = {
				ASSETCATALOG_COMPILER_APPICON_NAME = AppIcon;
				ASSETCATALOG_COMPILER_GLOBAL_ACCENT_COLOR_NAME = AccentColor;
				CODE_SIGN_STYLE = Automatic;
				INFOPLIST_FILE = challengeTable/Info.plist;
				LD_RUNPATH_SEARCH_PATHS = (
					"$(inherited)",
					"@executable_path/Frameworks",
				);
				PRODUCT_BUNDLE_IDENTIFIER = "com.yeah-zin.challengeTable";
				PRODUCT_NAME = "$(TARGET_NAME)";
				SWIFT_VERSION = 5.0;
				TARGETED_DEVICE_FAMILY = "1,2";
			};
			name = Release;
		};
/* End XCBuildConfiguration section */

/* Begin XCConfigurationList section */
		470F360526A40735004CF5E6 /* Build configuration list for PBXProject "challengeTable" */ = {
			isa = XCConfigurationList;
			buildConfigurations = (
				470F361C26A40736004CF5E6 /* Debug */,
				470F361D26A40736004CF5E6 /* Release */,
			);
			defaultConfigurationIsVisible = 0;
			defaultConfigurationName = Release;
		};
		470F361E26A40736004CF5E6 /* Build configuration list for PBXNativeTarget "challengeTable" */ = {
			isa = XCConfigurationList;
			buildConfigurations = (
				470F361F26A40736004CF5E6 /* Debug */,
				470F362026A40736004CF5E6 /* Release */,
			);
			defaultConfigurationIsVisible = 0;
			defaultConfigurationName = Release;
		};
/* End XCConfigurationList section */
	};
	rootObject = 470F360226A40735004CF5E6 /* Project object */;
}
