// !$*UTF8*$!
{
	archiveVersion = 1;
	classes = {
	};
	objectVersion = 50;
	objects = {

/* Begin PBXBuildFile section */
		47E0AC1326D659260048D8EC /* AppDelegate.swift in Sources */ = {isa = PBXBuildFile; fileRef = 47E0AC1226D659260048D8EC /* AppDelegate.swift */; };
		47E0AC1526D659260048D8EC /* SceneDelegate.swift in Sources */ = {isa = PBXBuildFile; fileRef = 47E0AC1426D659260048D8EC /* SceneDelegate.swift */; };
		47E0AC1726D659260048D8EC /* ViewController.swift in Sources */ = {isa = PBXBuildFile; fileRef = 47E0AC1626D659260048D8EC /* ViewController.swift */; };
		47E0AC1A26D659260048D8EC /* Main.storyboard in Resources */ = {isa = PBXBuildFile; fileRef = 47E0AC1826D659260048D8EC /* Main.storyboard */; };
		47E0AC1C26D659270048D8EC /* Assets.xcassets in Resources */ = {isa = PBXBuildFile; fileRef = 47E0AC1B26D659270048D8EC /* Assets.xcassets */; };
		47E0AC1F26D659270048D8EC /* LaunchScreen.storyboard in Resources */ = {isa = PBXBuildFile; fileRef = 47E0AC1D26D659270048D8EC /* LaunchScreen.storyboard */; };
		FB47A00CC63A41F7B4AB1FDF /* Pods_ProgressDetail.framework in Frameworks */ = {isa = PBXBuildFile; fileRef = 2844CEF728873B3CCCB6D1B5 /* Pods_ProgressDetail.framework */; };
/* End PBXBuildFile section */

/* Begin PBXFileReference section */
		2844CEF728873B3CCCB6D1B5 /* Pods_ProgressDetail.framework */ = {isa = PBXFileReference; explicitFileType = wrapper.framework; includeInIndex = 0; path = Pods_ProgressDetail.framework; sourceTree = BUILT_PRODUCTS_DIR; };
		47E0AC0F26D659260048D8EC /* ProgressDetail.app */ = {isa = PBXFileReference; explicitFileType = wrapper.application; includeInIndex = 0; path = ProgressDetail.app; sourceTree = BUILT_PRODUCTS_DIR; };
		47E0AC1226D659260048D8EC /* AppDelegate.swift */ = {isa = PBXFileReference; lastKnownFileType = sourcecode.swift; path = AppDelegate.swift; sourceTree = "<group>"; };
		47E0AC1426D659260048D8EC /* SceneDelegate.swift */ = {isa = PBXFileReference; lastKnownFileType = sourcecode.swift; path = SceneDelegate.swift; sourceTree = "<group>"; };
		47E0AC1626D659260048D8EC /* ViewController.swift */ = {isa = PBXFileReference; lastKnownFileType = sourcecode.swift; path = ViewController.swift; sourceTree = "<group>"; };
		47E0AC1926D659260048D8EC /* Base */ = {isa = PBXFileReference; lastKnownFileType = file.storyboard; name = Base; path = Base.lproj/Main.storyboard; sourceTree = "<group>"; };
		47E0AC1B26D659270048D8EC /* Assets.xcassets */ = {isa = PBXFileReference; lastKnownFileType = folder.assetcatalog; path = Assets.xcassets; sourceTree = "<group>"; };
		47E0AC1E26D659270048D8EC /* Base */ = {isa = PBXFileReference; lastKnownFileType = file.storyboard; name = Base; path = Base.lproj/LaunchScreen.storyboard; sourceTree = "<group>"; };
		47E0AC2026D659270048D8EC /* Info.plist */ = {isa = PBXFileReference; lastKnownFileType = text.plist.xml; path = Info.plist; sourceTree = "<group>"; };
		50E8081B78EFEFEB24BDEA98 /* Pods-ProgressDetail.release.xcconfig */ = {isa = PBXFileReference; includeInIndex = 1; lastKnownFileType = text.xcconfig; name = "Pods-ProgressDetail.release.xcconfig"; path = "Target Support Files/Pods-ProgressDetail/Pods-ProgressDetail.release.xcconfig"; sourceTree = "<group>"; };
		EFA58BC93EAE67A6D0D0654B /* Pods-ProgressDetail.debug.xcconfig */ = {isa = PBXFileReference; includeInIndex = 1; lastKnownFileType = text.xcconfig; name = "Pods-ProgressDetail.debug.xcconfig"; path = "Target Support Files/Pods-ProgressDetail/Pods-ProgressDetail.debug.xcconfig"; sourceTree = "<group>"; };
/* End PBXFileReference section */

/* Begin PBXFrameworksBuildPhase section */
		47E0AC0C26D659260048D8EC /* Frameworks */ = {
			isa = PBXFrameworksBuildPhase;
			buildActionMask = 2147483647;
			files = (
				FB47A00CC63A41F7B4AB1FDF /* Pods_ProgressDetail.framework in Frameworks */,
			);
			runOnlyForDeploymentPostprocessing = 0;
		};
/* End PBXFrameworksBuildPhase section */

/* Begin PBXGroup section */
		47E0AC0626D659260048D8EC = {
			isa = PBXGroup;
			children = (
				47E0AC1126D659260048D8EC /* ProgressDetail */,
				47E0AC1026D659260048D8EC /* Products */,
				F4FDC58AA2531D7C62F40392 /* Pods */,
				DE5BE4240A09DA3056066743 /* Frameworks */,
			);
			sourceTree = "<group>";
		};
		47E0AC1026D659260048D8EC /* Products */ = {
			isa = PBXGroup;
			children = (
				47E0AC0F26D659260048D8EC /* ProgressDetail.app */,
			);
			name = Products;
			sourceTree = "<group>";
		};
		47E0AC1126D659260048D8EC /* ProgressDetail */ = {
			isa = PBXGroup;
			children = (
				47E0AC1226D659260048D8EC /* AppDelegate.swift */,
				47E0AC1426D659260048D8EC /* SceneDelegate.swift */,
				47E0AC1626D659260048D8EC /* ViewController.swift */,
				47E0AC1826D659260048D8EC /* Main.storyboard */,
				47E0AC1B26D659270048D8EC /* Assets.xcassets */,
				47E0AC1D26D659270048D8EC /* LaunchScreen.storyboard */,
				47E0AC2026D659270048D8EC /* Info.plist */,
			);
			path = ProgressDetail;
			sourceTree = "<group>";
		};
		DE5BE4240A09DA3056066743 /* Frameworks */ = {
			isa = PBXGroup;
			children = (
				2844CEF728873B3CCCB6D1B5 /* Pods_ProgressDetail.framework */,
			);
			name = Frameworks;
			sourceTree = "<group>";
		};
		F4FDC58AA2531D7C62F40392 /* Pods */ = {
			isa = PBXGroup;
			children = (
				EFA58BC93EAE67A6D0D0654B /* Pods-ProgressDetail.debug.xcconfig */,
				50E8081B78EFEFEB24BDEA98 /* Pods-ProgressDetail.release.xcconfig */,
			);
			name = Pods;
			path = Pods;
			sourceTree = "<group>";
		};
/* End PBXGroup section */

/* Begin PBXNativeTarget section */
		47E0AC0E26D659260048D8EC /* ProgressDetail */ = {
			isa = PBXNativeTarget;
			buildConfigurationList = 47E0AC2326D659270048D8EC /* Build configuration list for PBXNativeTarget "ProgressDetail" */;
			buildPhases = (
				4EA82E668999A6FE4FE02A21 /* [CP] Check Pods Manifest.lock */,
				47E0AC0B26D659260048D8EC /* Sources */,
				47E0AC0C26D659260048D8EC /* Frameworks */,
				47E0AC0D26D659260048D8EC /* Resources */,
				2FCF6997F3FE0E96A40474B0 /* [CP] Embed Pods Frameworks */,
			);
			buildRules = (
			);
			dependencies = (
			);
			name = ProgressDetail;
			productName = ProgressDetail;
			productReference = 47E0AC0F26D659260048D8EC /* ProgressDetail.app */;
			productType = "com.apple.product-type.application";
		};
/* End PBXNativeTarget section */

/* Begin PBXProject section */
		47E0AC0726D659260048D8EC /* Project object */ = {
			isa = PBXProject;
			attributes = {
				LastSwiftUpdateCheck = 1250;
				LastUpgradeCheck = 1250;
				TargetAttributes = {
					47E0AC0E26D659260048D8EC = {
						CreatedOnToolsVersion = 12.5.1;
					};
				};
			};
			buildConfigurationList = 47E0AC0A26D659260048D8EC /* Build configuration list for PBXProject "ProgressDetail" */;
			compatibilityVersion = "Xcode 9.3";
			developmentRegion = en;
			hasScannedForEncodings = 0;
			knownRegions = (
				en,
				Base,
			);
			mainGroup = 47E0AC0626D659260048D8EC;
			productRefGroup = 47E0AC1026D659260048D8EC /* Products */;
			projectDirPath = "";
			projectRoot = "";
			targets = (
				47E0AC0E26D659260048D8EC /* ProgressDetail */,
			);
		};
/* End PBXProject section */

/* Begin PBXResourcesBuildPhase section */
		47E0AC0D26D659260048D8EC /* Resources */ = {
			isa = PBXResourcesBuildPhase;
			buildActionMask = 2147483647;
			files = (
				47E0AC1F26D659270048D8EC /* LaunchScreen.storyboard in Resources */,
				47E0AC1C26D659270048D8EC /* Assets.xcassets in Resources */,
				47E0AC1A26D659260048D8EC /* Main.storyboard in Resources */,
			);
			runOnlyForDeploymentPostprocessing = 0;
		};
/* End PBXResourcesBuildPhase section */

/* Begin PBXShellScriptBuildPhase section */
		2FCF6997F3FE0E96A40474B0 /* [CP] Embed Pods Frameworks */ = {
			isa = PBXShellScriptBuildPhase;
			buildActionMask = 2147483647;
			files = (
			);
			inputFileListPaths = (
				"${PODS_ROOT}/Target Support Files/Pods-ProgressDetail/Pods-ProgressDetail-frameworks-${CONFIGURATION}-input-files.xcfilelist",
			);
			name = "[CP] Embed Pods Frameworks";
			outputFileListPaths = (
				"${PODS_ROOT}/Target Support Files/Pods-ProgressDetail/Pods-ProgressDetail-frameworks-${CONFIGURATION}-output-files.xcfilelist",
			);
			runOnlyForDeploymentPostprocessing = 0;
			shellPath = /bin/sh;
			shellScript = "\"${PODS_ROOT}/Target Support Files/Pods-ProgressDetail/Pods-ProgressDetail-frameworks.sh\"\n";
			showEnvVarsInLog = 0;
		};
		4EA82E668999A6FE4FE02A21 /* [CP] Check Pods Manifest.lock */ = {
			isa = PBXShellScriptBuildPhase;
			buildActionMask = 2147483647;
			files = (
			);
			inputFileListPaths = (
			);
			inputPaths = (
				"${PODS_PODFILE_DIR_PATH}/Podfile.lock",
				"${PODS_ROOT}/Manifest.lock",
			);
			name = "[CP] Check Pods Manifest.lock";
			outputFileListPaths = (
			);
			outputPaths = (
				"$(DERIVED_FILE_DIR)/Pods-ProgressDetail-checkManifestLockResult.txt",
			);
			runOnlyForDeploymentPostprocessing = 0;
			shellPath = /bin/sh;
			shellScript = "diff \"${PODS_PODFILE_DIR_PATH}/Podfile.lock\" \"${PODS_ROOT}/Manifest.lock\" > /dev/null\nif [ $? != 0 ] ; then\n    # print error to STDERR\n    echo \"error: The sandbox is not in sync with the Podfile.lock. Run 'pod install' or update your CocoaPods installation.\" >&2\n    exit 1\nfi\n# This output is used by Xcode 'outputs' to avoid re-running this script phase.\necho \"SUCCESS\" > \"${SCRIPT_OUTPUT_FILE_0}\"\n";
			showEnvVarsInLog = 0;
		};
/* End PBXShellScriptBuildPhase section */

/* Begin PBXSourcesBuildPhase section */
		47E0AC0B26D659260048D8EC /* Sources */ = {
			isa = PBXSourcesBuildPhase;
			buildActionMask = 2147483647;
			files = (
				47E0AC1726D659260048D8EC /* ViewController.swift in Sources */,
				47E0AC1326D659260048D8EC /* AppDelegate.swift in Sources */,
				47E0AC1526D659260048D8EC /* SceneDelegate.swift in Sources */,
			);
			runOnlyForDeploymentPostprocessing = 0;
		};
/* End PBXSourcesBuildPhase section */

/* Begin PBXVariantGroup section */
		47E0AC1826D659260048D8EC /* Main.storyboard */ = {
			isa = PBXVariantGroup;
			children = (
				47E0AC1926D659260048D8EC /* Base */,
			);
			name = Main.storyboard;
			sourceTree = "<group>";
		};
		47E0AC1D26D659270048D8EC /* LaunchScreen.storyboard */ = {
			isa = PBXVariantGroup;
			children = (
				47E0AC1E26D659270048D8EC /* Base */,
			);
			name = LaunchScreen.storyboard;
			sourceTree = "<group>";
		};
/* End PBXVariantGroup section */

/* Begin XCBuildConfiguration section */
		47E0AC2126D659270048D8EC /* Debug */ = {
			isa = XCBuildConfiguration;
			buildSettings = {
				ALWAYS_SEARCH_USER_PATHS = NO;
				CLANG_ANALYZER_NONNULL = YES;
				CLANG_ANALYZER_NUMBER_OBJECT_CONVERSION = YES_AGGRESSIVE;
				CLANG_CXX_LANGUAGE_STANDARD = "gnu++14";
				CLANG_CXX_LIBRARY = "libc++";
				CLANG_ENABLE_MODULES = YES;
				CLANG_ENABLE_OBJC_ARC = YES;
				CLANG_ENABLE_OBJC_WEAK = YES;
				CLANG_WARN_BLOCK_CAPTURE_AUTORELEASING = YES;
				CLANG_WARN_BOOL_CONVERSION = YES;
				CLANG_WARN_COMMA = YES;
				CLANG_WARN_CONSTANT_CONVERSION = YES;
				CLANG_WARN_DEPRECATED_OBJC_IMPLEMENTATIONS = YES;
				CLANG_WARN_DIRECT_OBJC_ISA_USAGE = YES_ERROR;
				CLANG_WARN_DOCUMENTATION_COMMENTS = YES;
				CLANG_WARN_EMPTY_BODY = YES;
				CLANG_WARN_ENUM_CONVERSION = YES;
				CLANG_WARN_INFINITE_RECURSION = YES;
				CLANG_WARN_INT_CONVERSION = YES;
				CLANG_WARN_NON_LITERAL_NULL_CONVERSION = YES;
				CLANG_WARN_OBJC_IMPLICIT_RETAIN_SELF = YES;
				CLANG_WARN_OBJC_LITERAL_CONVERSION = YES;
				CLANG_WARN_OBJC_ROOT_CLASS = YES_ERROR;
				CLANG_WARN_QUOTED_INCLUDE_IN_FRAMEWORK_HEADER = YES;
				CLANG_WARN_RANGE_LOOP_ANALYSIS = YES;
				CLANG_WARN_STRICT_PROTOTYPES = YES;
				CLANG_WARN_SUSPICIOUS_MOVE = YES;
				CLANG_WARN_UNGUARDED_AVAILABILITY = YES_AGGRESSIVE;
				CLANG_WARN_UNREACHABLE_CODE = YES;
				CLANG_WARN__DUPLICATE_METHOD_MATCH = YES;
				COPY_PHASE_STRIP = NO;
				DEBUG_INFORMATION_FORMAT = dwarf;
				ENABLE_STRICT_OBJC_MSGSEND = YES;
				ENABLE_TESTABILITY = YES;
				GCC_C_LANGUAGE_STANDARD = gnu11;
				GCC_DYNAMIC_NO_PIC = NO;
				GCC_NO_COMMON_BLOCKS = YES;
				GCC_OPTIMIZATION_LEVEL = 0;
				GCC_PREPROCESSOR_DEFINITIONS = (
					"DEBUG=1",
					"$(inherited)",
				);
				GCC_WARN_64_TO_32_BIT_CONVERSION = YES;
				GCC_WARN_ABOUT_RETURN_TYPE = YES_ERROR;
				GCC_WARN_UNDECLARED_SELECTOR = YES;
				GCC_WARN_UNINITIALIZED_AUTOS = YES_AGGRESSIVE;
				GCC_WARN_UNUSED_FUNCTION = YES;
				GCC_WARN_UNUSED_VARIABLE = YES;
				IPHONEOS_DEPLOYMENT_TARGET = 14.5;
				MTL_ENABLE_DEBUG_INFO = INCLUDE_SOURCE;
				MTL_FAST_MATH = YES;
				ONLY_ACTIVE_ARCH = YES;
				SDKROOT = iphoneos;
				SWIFT_ACTIVE_COMPILATION_CONDITIONS = DEBUG;
				SWIFT_OPTIMIZATION_LEVEL = "-Onone";
			};
			name = Debug;
		};
		47E0AC2226D659270048D8EC /* Release */ = {
			isa = XCBuildConfiguration;
			buildSettings = {
				ALWAYS_SEARCH_USER_PATHS = NO;
				CLANG_ANALYZER_NONNULL = YES;
				CLANG_ANALYZER_NUMBER_OBJECT_CONVERSION = YES_AGGRESSIVE;
				CLANG_CXX_LANGUAGE_STANDARD = "gnu++14";
				CLANG_CXX_LIBRARY = "libc++";
				CLANG_ENABLE_MODULES = YES;
				CLANG_ENABLE_OBJC_ARC = YES;
				CLANG_ENABLE_OBJC_WEAK = YES;
				CLANG_WARN_BLOCK_CAPTURE_AUTORELEASING = YES;
				CLANG_WARN_BOOL_CONVERSION = YES;
				CLANG_WARN_COMMA = YES;
				CLANG_WARN_CONSTANT_CONVERSION = YES;
				CLANG_WARN_DEPRECATED_OBJC_IMPLEMENTATIONS = YES;
				CLANG_WARN_DIRECT_OBJC_ISA_USAGE = YES_ERROR;
				CLANG_WARN_DOCUMENTATION_COMMENTS = YES;
				CLANG_WARN_EMPTY_BODY = YES;
				CLANG_WARN_ENUM_CONVERSION = YES;
				CLANG_WARN_INFINITE_RECURSION = YES;
				CLANG_WARN_INT_CONVERSION = YES;
				CLANG_WARN_NON_LITERAL_NULL_CONVERSION = YES;
				CLANG_WARN_OBJC_IMPLICIT_RETAIN_SELF = YES;
				CLANG_WARN_OBJC_LITERAL_CONVERSION = YES;
				CLANG_WARN_OBJC_ROOT_CLASS = YES_ERROR;
				CLANG_WARN_QUOTED_INCLUDE_IN_FRAMEWORK_HEADER = YES;
				CLANG_WARN_RANGE_LOOP_ANALYSIS = YES;
				CLANG_WARN_STRICT_PROTOTYPES = YES;
				CLANG_WARN_SUSPICIOUS_MOVE = YES;
				CLANG_WARN_UNGUARDED_AVAILABILITY = YES_AGGRESSIVE;
				CLANG_WARN_UNREACHABLE_CODE = YES;
				CLANG_WARN__DUPLICATE_METHOD_MATCH = YES;
				COPY_PHASE_STRIP = NO;
				DEBUG_INFORMATION_FORMAT = "dwarf-with-dsym";
				ENABLE_NS_ASSERTIONS = NO;
				ENABLE_STRICT_OBJC_MSGSEND = YES;
				GCC_C_LANGUAGE_STANDARD = gnu11;
				GCC_NO_COMMON_BLOCKS = YES;
				GCC_WARN_64_TO_32_BIT_CONVERSION = YES;
				GCC_WARN_ABOUT_RETURN_TYPE = YES_ERROR;
				GCC_WARN_UNDECLARED_SELECTOR = YES;
				GCC_WARN_UNINITIALIZED_AUTOS = YES_AGGRESSIVE;
				GCC_WARN_UNUSED_FUNCTION = YES;
				GCC_WARN_UNUSED_VARIABLE = YES;
				IPHONEOS_DEPLOYMENT_TARGET = 14.5;
				MTL_ENABLE_DEBUG_INFO = NO;
				MTL_FAST_MATH = YES;
				SDKROOT = iphoneos;
				SWIFT_COMPILATION_MODE = wholemodule;
				SWIFT_OPTIMIZATION_LEVEL = "-O";
				VALIDATE_PRODUCT = YES;
			};
			name = Release;
		};
		47E0AC2426D659270048D8EC /* Debug */ = {
			isa = XCBuildConfiguration;
			baseConfigurationReference = EFA58BC93EAE67A6D0D0654B /* Pods-ProgressDetail.debug.xcconfig */;
			buildSettings = {
				ASSETCATALOG_COMPILER_APPICON_NAME = AppIcon;
				ASSETCATALOG_COMPILER_GLOBAL_ACCENT_COLOR_NAME = AccentColor;
				CODE_SIGN_STYLE = Automatic;
				DEVELOPMENT_TEAM = 6U9ULK957K;
				INFOPLIST_FILE = ProgressDetail/Info.plist;
				LD_RUNPATH_SEARCH_PATHS = (
					"$(inherited)",
					"@executable_path/Frameworks",
				);
				PRODUCT_BUNDLE_IDENTIFIER = com.ToChallenge.ProgressDetail;
				PRODUCT_NAME = "$(TARGET_NAME)";
				SWIFT_VERSION = 5.0;
				TARGETED_DEVICE_FAMILY = "1,2";
			};
			name = Debug;
		};
		47E0AC2526D659270048D8EC /* Release */ = {
			isa = XCBuildConfiguration;
			baseConfigurationReference = 50E8081B78EFEFEB24BDEA98 /* Pods-ProgressDetail.release.xcconfig */;
			buildSettings = {
				ASSETCATALOG_COMPILER_APPICON_NAME = AppIcon;
				ASSETCATALOG_COMPILER_GLOBAL_ACCENT_COLOR_NAME = AccentColor;
				CODE_SIGN_STYLE = Automatic;
				DEVELOPMENT_TEAM = 6U9ULK957K;
				INFOPLIST_FILE = ProgressDetail/Info.plist;
				LD_RUNPATH_SEARCH_PATHS = (
					"$(inherited)",
					"@executable_path/Frameworks",
				);
				PRODUCT_BUNDLE_IDENTIFIER = com.ToChallenge.ProgressDetail;
				PRODUCT_NAME = "$(TARGET_NAME)";
				SWIFT_VERSION = 5.0;
				TARGETED_DEVICE_FAMILY = "1,2";
			};
			name = Release;
		};
/* End XCBuildConfiguration section */

/* Begin XCConfigurationList section */
		47E0AC0A26D659260048D8EC /* Build configuration list for PBXProject "ProgressDetail" */ = {
			isa = XCConfigurationList;
			buildConfigurations = (
				47E0AC2126D659270048D8EC /* Debug */,
				47E0AC2226D659270048D8EC /* Release */,
			);
			defaultConfigurationIsVisible = 0;
			defaultConfigurationName = Release;
		};
		47E0AC2326D659270048D8EC /* Build configuration list for PBXNativeTarget "ProgressDetail" */ = {
			isa = XCConfigurationList;
			buildConfigurations = (
				47E0AC2426D659270048D8EC /* Debug */,
				47E0AC2526D659270048D8EC /* Release */,
			);
			defaultConfigurationIsVisible = 0;
			defaultConfigurationName = Release;
		};
/* End XCConfigurationList section */
	};
	rootObject = 47E0AC0726D659260048D8EC /* Project object */;
}
